// !$*UTF8*$!
{
	archiveVersion = 1;
	classes = {
	};
	objectVersion = 52;
	objects = {

/* Begin PBXBuildFile section */
		0008516925191F7700BFE2BE /* AppDelegate.swift in Sources */ = {isa = PBXBuildFile; fileRef = 0008516825191F7700BFE2BE /* AppDelegate.swift */; };
		0008516B25191F7700BFE2BE /* SceneDelegate.swift in Sources */ = {isa = PBXBuildFile; fileRef = 0008516A25191F7700BFE2BE /* SceneDelegate.swift */; };
		0008516D25191F7700BFE2BE /* ContentView.swift in Sources */ = {isa = PBXBuildFile; fileRef = 0008516C25191F7700BFE2BE /* ContentView.swift */; };
		0008516F25191F7900BFE2BE /* Assets.xcassets in Resources */ = {isa = PBXBuildFile; fileRef = 0008516E25191F7900BFE2BE /* Assets.xcassets */; };
		0008517225191F7900BFE2BE /* Preview Assets.xcassets in Resources */ = {isa = PBXBuildFile; fileRef = 0008517125191F7900BFE2BE /* Preview Assets.xcassets */; };
		0008517525191F7900BFE2BE /* LaunchScreen.storyboard in Resources */ = {isa = PBXBuildFile; fileRef = 0008517325191F7900BFE2BE /* LaunchScreen.storyboard */; };
		0008518B2519250F00BFE2BE /* CartView.swift in Sources */ = {isa = PBXBuildFile; fileRef = 0008518A2519250F00BFE2BE /* CartView.swift */; };
		0008518E251942FC00BFE2BE /* DetailView.swift in Sources */ = {isa = PBXBuildFile; fileRef = 0008518D251942FC00BFE2BE /* DetailView.swift */; };
		0008519625196AD800BFE2BE /* ShopView.swift in Sources */ = {isa = PBXBuildFile; fileRef = 0008519525196AD800BFE2BE /* ShopView.swift */; };
		0008519C2519742C00BFE2BE /* Cart.swift in Sources */ = {isa = PBXBuildFile; fileRef = 0008519B2519742C00BFE2BE /* Cart.swift */; };
		000851A02519748B00BFE2BE /* Item.swift in Sources */ = {isa = PBXBuildFile; fileRef = 0008519F2519748B00BFE2BE /* Item.swift */; };
		000CF5FF251ADDB600EAAEED /* CheckoutView.swift in Sources */ = {isa = PBXBuildFile; fileRef = 000CF5FE251ADDB500EAAEED /* CheckoutView.swift */; };
		000CF602251AE4FA00EAAEED /* ColorExtension.swift in Sources */ = {isa = PBXBuildFile; fileRef = 000CF601251AE4FA00EAAEED /* ColorExtension.swift */; };
		000CF606251AFF4F00EAAEED /* CheckoutButton.swift in Sources */ = {isa = PBXBuildFile; fileRef = 000CF605251AFF4F00EAAEED /* CheckoutButton.swift */; };
		000CF60B251B014800EAAEED /* DetailButton.swift in Sources */ = {isa = PBXBuildFile; fileRef = 000CF60A251B014800EAAEED /* DetailButton.swift */; };
		000CF60E251B03FD00EAAEED /* ContinueToShopButton.swift in Sources */ = {isa = PBXBuildFile; fileRef = 000CF60D251B03FD00EAAEED /* ContinueToShopButton.swift */; };
		000CF61F251B25FD00EAAEED /* ImageSlideView.swift in Sources */ = {isa = PBXBuildFile; fileRef = 000CF61C251B25FC00EAAEED /* ImageSlideView.swift */; };
		000CF620251B25FD00EAAEED /* HomeView.swift in Sources */ = {isa = PBXBuildFile; fileRef = 000CF61D251B25FC00EAAEED /* HomeView.swift */; };
		000CF621251B25FD00EAAEED /* TrendingRow.swift in Sources */ = {isa = PBXBuildFile; fileRef = 000CF61E251B25FC00EAAEED /* TrendingRow.swift */; };
		000CF629251B261700EAAEED /* ItemDetailView.swift in Sources */ = {isa = PBXBuildFile; fileRef = 000CF625251B261700EAAEED /* ItemDetailView.swift */; };
		000CF62A251B261700EAAEED /* ItemDescriptionAndSeller.swift in Sources */ = {isa = PBXBuildFile; fileRef = 000CF626251B261700EAAEED /* ItemDescriptionAndSeller.swift */; };
		000CF62B251B261700EAAEED /* ItemList.swift in Sources */ = {isa = PBXBuildFile; fileRef = 000CF627251B261700EAAEED /* ItemList.swift */; };
		000CF634251B262600EAAEED /* ProfileView.swift in Sources */ = {isa = PBXBuildFile; fileRef = 000CF62E251B262600EAAEED /* ProfileView.swift */; };
		000CF635251B262600EAAEED /* OrgMinView.swift in Sources */ = {isa = PBXBuildFile; fileRef = 000CF62F251B262600EAAEED /* OrgMinView.swift */; };
		000CF636251B262600EAAEED /* OrganizationStore.swift in Sources */ = {isa = PBXBuildFile; fileRef = 000CF631251B262600EAAEED /* OrganizationStore.swift */; };
		000CF637251B262600EAAEED /* LoginView.swift in Sources */ = {isa = PBXBuildFile; fileRef = 000CF633251B262600EAAEED /* LoginView.swift */; };
		000CF63B251B26C900EAAEED /* Organization.swift in Sources */ = {isa = PBXBuildFile; fileRef = 000CF63A251B26C900EAAEED /* Organization.swift */; };
		000CF644251D4CC600EAAEED /* QRView.swift in Sources */ = {isa = PBXBuildFile; fileRef = 000CF643251D4CC600EAAEED /* QRView.swift */; };
		000CF678251D56B700EAAEED /* CodeScanner in Frameworks */ = {isa = PBXBuildFile; productRef = 000CF677251D56B700EAAEED /* CodeScanner */; };
		000CF67B251D5C8600EAAEED /* EventView.swift in Sources */ = {isa = PBXBuildFile; fileRef = 000CF67A251D5C8600EAAEED /* EventView.swift */; };
		000CF685251D6E0500EAAEED /* EventManager.swift in Sources */ = {isa = PBXBuildFile; fileRef = 000CF684251D6E0500EAAEED /* EventManager.swift */; };
		000CF68D251D6F1900EAAEED /* StampEvent.proto in Sources */ = {isa = PBXBuildFile; fileRef = 000CF68A251D6F1900EAAEED /* StampEvent.proto */; };
		0047050E251D822E00BE9E6B /* AuthManager.swift in Sources */ = {isa = PBXBuildFile; fileRef = 0047050D251D822E00BE9E6B /* AuthManager.swift */; };
		00470513251D8B6900BE9E6B /* AccountService.proto in Sources */ = {isa = PBXBuildFile; fileRef = 00470510251D8B6900BE9E6B /* AccountService.proto */; };
		00470514251D8B6900BE9E6B /* AccountService.pb.swift in Sources */ = {isa = PBXBuildFile; fileRef = 00470511251D8B6900BE9E6B /* AccountService.pb.swift */; };
		00470515251D8B6900BE9E6B /* AccountService.grpc.swift in Sources */ = {isa = PBXBuildFile; fileRef = 00470512251D8B6900BE9E6B /* AccountService.grpc.swift */; };
		0047051B251D8C5400BE9E6B /* Constants.swift in Sources */ = {isa = PBXBuildFile; fileRef = 0047051A251D8C5400BE9E6B /* Constants.swift */; };
		0047052D251D9EEF00BE9E6B /* User.swift in Sources */ = {isa = PBXBuildFile; fileRef = 0047052C251D9EEF00BE9E6B /* User.swift */; };
		0047055D251DB13700BE9E6B /* TextFieldView.swift in Sources */ = {isa = PBXBuildFile; fileRef = 0047055C251DB13700BE9E6B /* TextFieldView.swift */; };
		00470560251DB1FE00BE9E6B /* LoginButton.swift in Sources */ = {isa = PBXBuildFile; fileRef = 0047055F251DB1FE00BE9E6B /* LoginButton.swift */; };
		00470563251DB61800BE9E6B /* OMError.swift in Sources */ = {isa = PBXBuildFile; fileRef = 00470562251DB61800BE9E6B /* OMError.swift */; };
		00470566251DBA1B00BE9E6B /* RegistrationView.swift in Sources */ = {isa = PBXBuildFile; fileRef = 00470565251DBA1B00BE9E6B /* RegistrationView.swift */; };
		00470571251DBD6200BE9E6B /* KeyboardHeightPublisher.swift in Sources */ = {isa = PBXBuildFile; fileRef = 0047056E251DBD6100BE9E6B /* KeyboardHeightPublisher.swift */; };
		00470572251DBD6200BE9E6B /* KeyboardAdaptive.swift in Sources */ = {isa = PBXBuildFile; fileRef = 0047056F251DBD6100BE9E6B /* KeyboardAdaptive.swift */; };
		00470573251DBD6200BE9E6B /* UIResponder.swift in Sources */ = {isa = PBXBuildFile; fileRef = 00470570251DBD6200BE9E6B /* UIResponder.swift */; };
		00470577251E736800BE9E6B /* TabBarView.swift in Sources */ = {isa = PBXBuildFile; fileRef = 00470576251E736800BE9E6B /* TabBarView.swift */; };
		0047057C251E755900BE9E6B /* SessionManager.swift in Sources */ = {isa = PBXBuildFile; fileRef = 0047057B251E755900BE9E6B /* SessionManager.swift */; };
		0047059D251E84A700BE9E6B /* AlertType.swift in Sources */ = {isa = PBXBuildFile; fileRef = 0047059C251E84A700BE9E6B /* AlertType.swift */; };
		004705A3251E88EE00BE9E6B /* StampEvent.grpc.swift in Sources */ = {isa = PBXBuildFile; fileRef = 004705A1251E88ED00BE9E6B /* StampEvent.grpc.swift */; };
		004705A4251E88EE00BE9E6B /* StampEvent.pb.swift in Sources */ = {isa = PBXBuildFile; fileRef = 004705A2251E88EE00BE9E6B /* StampEvent.pb.swift */; };
		004705AC251E8BBE00BE9E6B /* EventDetailView.swift in Sources */ = {isa = PBXBuildFile; fileRef = 004705AB251E8BBE00BE9E6B /* EventDetailView.swift */; };
		004705B8251E9D0300BE9E6B /* MarketPlace.grpc.swift in Sources */ = {isa = PBXBuildFile; fileRef = 004705B4251E9D0300BE9E6B /* MarketPlace.grpc.swift */; };
		004705B9251E9D0300BE9E6B /* Organization.pb.swift in Sources */ = {isa = PBXBuildFile; fileRef = 004705B5251E9D0300BE9E6B /* Organization.pb.swift */; };
		004705BA251E9D0300BE9E6B /* MarketPlace.pb.swift in Sources */ = {isa = PBXBuildFile; fileRef = 004705B6251E9D0300BE9E6B /* MarketPlace.pb.swift */; };
		004705BB251E9D0300BE9E6B /* Organization.grpc.swift in Sources */ = {isa = PBXBuildFile; fileRef = 004705B7251E9D0300BE9E6B /* Organization.grpc.swift */; };
		004AC4D8251AA3EC00E0EA33 /* CartManager.swift in Sources */ = {isa = PBXBuildFile; fileRef = 004AC4D7251AA3EC00E0EA33 /* CartManager.swift */; };
		004AC4E9251ABD1C00E0EA33 /* CartButton.swift in Sources */ = {isa = PBXBuildFile; fileRef = 004AC4E8251ABD1C00E0EA33 /* CartButton.swift */; };
		635F213FFFBC8F8E5ABBE673 /* Pods_OpenMarketPlace_swift.framework in Frameworks */ = {isa = PBXBuildFile; fileRef = DAF59AC61A2835352AB721D2 /* Pods_OpenMarketPlace_swift.framework */; };
/* End PBXBuildFile section */

/* Begin PBXFileReference section */
		0008516525191F7700BFE2BE /* OpenMarketPlace-swift.app */ = {isa = PBXFileReference; explicitFileType = wrapper.application; includeInIndex = 0; path = "OpenMarketPlace-swift.app"; sourceTree = BUILT_PRODUCTS_DIR; };
		0008516825191F7700BFE2BE /* AppDelegate.swift */ = {isa = PBXFileReference; lastKnownFileType = sourcecode.swift; path = AppDelegate.swift; sourceTree = "<group>"; };
		0008516A25191F7700BFE2BE /* SceneDelegate.swift */ = {isa = PBXFileReference; lastKnownFileType = sourcecode.swift; path = SceneDelegate.swift; sourceTree = "<group>"; };
		0008516C25191F7700BFE2BE /* ContentView.swift */ = {isa = PBXFileReference; lastKnownFileType = sourcecode.swift; path = ContentView.swift; sourceTree = "<group>"; };
		0008516E25191F7900BFE2BE /* Assets.xcassets */ = {isa = PBXFileReference; lastKnownFileType = folder.assetcatalog; path = Assets.xcassets; sourceTree = "<group>"; };
		0008517125191F7900BFE2BE /* Preview Assets.xcassets */ = {isa = PBXFileReference; lastKnownFileType = folder.assetcatalog; path = "Preview Assets.xcassets"; sourceTree = "<group>"; };
		0008517425191F7900BFE2BE /* Base */ = {isa = PBXFileReference; lastKnownFileType = file.storyboard; name = Base; path = Base.lproj/LaunchScreen.storyboard; sourceTree = "<group>"; };
		0008517625191F7900BFE2BE /* Info.plist */ = {isa = PBXFileReference; lastKnownFileType = text.plist.xml; path = Info.plist; sourceTree = "<group>"; };
		0008518A2519250F00BFE2BE /* CartView.swift */ = {isa = PBXFileReference; lastKnownFileType = sourcecode.swift; path = CartView.swift; sourceTree = "<group>"; };
		0008518D251942FC00BFE2BE /* DetailView.swift */ = {isa = PBXFileReference; lastKnownFileType = sourcecode.swift; path = DetailView.swift; sourceTree = "<group>"; };
		0008519525196AD800BFE2BE /* ShopView.swift */ = {isa = PBXFileReference; lastKnownFileType = sourcecode.swift; path = ShopView.swift; sourceTree = "<group>"; };
		0008519B2519742C00BFE2BE /* Cart.swift */ = {isa = PBXFileReference; lastKnownFileType = sourcecode.swift; path = Cart.swift; sourceTree = "<group>"; };
		0008519F2519748B00BFE2BE /* Item.swift */ = {isa = PBXFileReference; lastKnownFileType = sourcecode.swift; path = Item.swift; sourceTree = "<group>"; };
		000CF5FE251ADDB500EAAEED /* CheckoutView.swift */ = {isa = PBXFileReference; lastKnownFileType = sourcecode.swift; path = CheckoutView.swift; sourceTree = "<group>"; };
		000CF601251AE4FA00EAAEED /* ColorExtension.swift */ = {isa = PBXFileReference; lastKnownFileType = sourcecode.swift; path = ColorExtension.swift; sourceTree = "<group>"; };
		000CF605251AFF4F00EAAEED /* CheckoutButton.swift */ = {isa = PBXFileReference; lastKnownFileType = sourcecode.swift; path = CheckoutButton.swift; sourceTree = "<group>"; };
		000CF60A251B014800EAAEED /* DetailButton.swift */ = {isa = PBXFileReference; lastKnownFileType = sourcecode.swift; path = DetailButton.swift; sourceTree = "<group>"; };
		000CF60D251B03FD00EAAEED /* ContinueToShopButton.swift */ = {isa = PBXFileReference; lastKnownFileType = sourcecode.swift; path = ContinueToShopButton.swift; sourceTree = "<group>"; };
		000CF61C251B25FC00EAAEED /* ImageSlideView.swift */ = {isa = PBXFileReference; fileEncoding = 4; lastKnownFileType = sourcecode.swift; name = ImageSlideView.swift; path = "OpenMarketPlace-swift/View/home/ImageSlideView.swift"; sourceTree = SOURCE_ROOT; };
		000CF61D251B25FC00EAAEED /* HomeView.swift */ = {isa = PBXFileReference; fileEncoding = 4; lastKnownFileType = sourcecode.swift; name = HomeView.swift; path = "OpenMarketPlace-swift/View/home/HomeView.swift"; sourceTree = SOURCE_ROOT; };
		000CF61E251B25FC00EAAEED /* TrendingRow.swift */ = {isa = PBXFileReference; fileEncoding = 4; lastKnownFileType = sourcecode.swift; name = TrendingRow.swift; path = "OpenMarketPlace-swift/View/home/TrendingRow.swift"; sourceTree = SOURCE_ROOT; };
		000CF625251B261700EAAEED /* ItemDetailView.swift */ = {isa = PBXFileReference; fileEncoding = 4; lastKnownFileType = sourcecode.swift; path = ItemDetailView.swift; sourceTree = "<group>"; };
		000CF626251B261700EAAEED /* ItemDescriptionAndSeller.swift */ = {isa = PBXFileReference; fileEncoding = 4; lastKnownFileType = sourcecode.swift; path = ItemDescriptionAndSeller.swift; sourceTree = "<group>"; };
		000CF627251B261700EAAEED /* ItemList.swift */ = {isa = PBXFileReference; fileEncoding = 4; lastKnownFileType = sourcecode.swift; path = ItemList.swift; sourceTree = "<group>"; };
		000CF62E251B262600EAAEED /* ProfileView.swift */ = {isa = PBXFileReference; fileEncoding = 4; lastKnownFileType = sourcecode.swift; path = ProfileView.swift; sourceTree = "<group>"; };
		000CF62F251B262600EAAEED /* OrgMinView.swift */ = {isa = PBXFileReference; fileEncoding = 4; lastKnownFileType = sourcecode.swift; path = OrgMinView.swift; sourceTree = "<group>"; };
		000CF631251B262600EAAEED /* OrganizationStore.swift */ = {isa = PBXFileReference; fileEncoding = 4; lastKnownFileType = sourcecode.swift; path = OrganizationStore.swift; sourceTree = "<group>"; };
		000CF633251B262600EAAEED /* LoginView.swift */ = {isa = PBXFileReference; fileEncoding = 4; lastKnownFileType = sourcecode.swift; path = LoginView.swift; sourceTree = "<group>"; };
		000CF63A251B26C900EAAEED /* Organization.swift */ = {isa = PBXFileReference; fileEncoding = 4; lastKnownFileType = sourcecode.swift; name = Organization.swift; path = Shop/Organization.swift; sourceTree = SOURCE_ROOT; };
		000CF643251D4CC600EAAEED /* QRView.swift */ = {isa = PBXFileReference; lastKnownFileType = sourcecode.swift; path = QRView.swift; sourceTree = "<group>"; };
		000CF67A251D5C8600EAAEED /* EventView.swift */ = {isa = PBXFileReference; lastKnownFileType = sourcecode.swift; path = EventView.swift; sourceTree = "<group>"; };
		000CF684251D6E0500EAAEED /* EventManager.swift */ = {isa = PBXFileReference; lastKnownFileType = sourcecode.swift; path = EventManager.swift; sourceTree = "<group>"; };
		000CF68A251D6F1900EAAEED /* StampEvent.proto */ = {isa = PBXFileReference; fileEncoding = 4; lastKnownFileType = sourcecode.protobuf; path = StampEvent.proto; sourceTree = "<group>"; };
		0047050D251D822E00BE9E6B /* AuthManager.swift */ = {isa = PBXFileReference; lastKnownFileType = sourcecode.swift; path = AuthManager.swift; sourceTree = "<group>"; };
		00470510251D8B6900BE9E6B /* AccountService.proto */ = {isa = PBXFileReference; fileEncoding = 4; lastKnownFileType = sourcecode.protobuf; path = AccountService.proto; sourceTree = "<group>"; };
		00470511251D8B6900BE9E6B /* AccountService.pb.swift */ = {isa = PBXFileReference; fileEncoding = 4; lastKnownFileType = sourcecode.swift; path = AccountService.pb.swift; sourceTree = "<group>"; };
		00470512251D8B6900BE9E6B /* AccountService.grpc.swift */ = {isa = PBXFileReference; fileEncoding = 4; lastKnownFileType = sourcecode.swift; path = AccountService.grpc.swift; sourceTree = "<group>"; };
		0047051A251D8C5400BE9E6B /* Constants.swift */ = {isa = PBXFileReference; lastKnownFileType = sourcecode.swift; path = Constants.swift; sourceTree = "<group>"; };
		0047052C251D9EEF00BE9E6B /* User.swift */ = {isa = PBXFileReference; lastKnownFileType = sourcecode.swift; path = User.swift; sourceTree = "<group>"; };
		0047055C251DB13700BE9E6B /* TextFieldView.swift */ = {isa = PBXFileReference; lastKnownFileType = sourcecode.swift; path = TextFieldView.swift; sourceTree = "<group>"; };
		0047055F251DB1FE00BE9E6B /* LoginButton.swift */ = {isa = PBXFileReference; lastKnownFileType = sourcecode.swift; path = LoginButton.swift; sourceTree = "<group>"; };
		00470562251DB61800BE9E6B /* OMError.swift */ = {isa = PBXFileReference; lastKnownFileType = sourcecode.swift; path = OMError.swift; sourceTree = "<group>"; };
		00470565251DBA1B00BE9E6B /* RegistrationView.swift */ = {isa = PBXFileReference; lastKnownFileType = sourcecode.swift; path = RegistrationView.swift; sourceTree = "<group>"; };
		0047056E251DBD6100BE9E6B /* KeyboardHeightPublisher.swift */ = {isa = PBXFileReference; fileEncoding = 4; lastKnownFileType = sourcecode.swift; path = KeyboardHeightPublisher.swift; sourceTree = "<group>"; };
		0047056F251DBD6100BE9E6B /* KeyboardAdaptive.swift */ = {isa = PBXFileReference; fileEncoding = 4; lastKnownFileType = sourcecode.swift; path = KeyboardAdaptive.swift; sourceTree = "<group>"; };
		00470570251DBD6200BE9E6B /* UIResponder.swift */ = {isa = PBXFileReference; fileEncoding = 4; lastKnownFileType = sourcecode.swift; path = UIResponder.swift; sourceTree = "<group>"; };
		00470576251E736800BE9E6B /* TabBarView.swift */ = {isa = PBXFileReference; lastKnownFileType = sourcecode.swift; path = TabBarView.swift; sourceTree = "<group>"; };
		0047057B251E755900BE9E6B /* SessionManager.swift */ = {isa = PBXFileReference; lastKnownFileType = sourcecode.swift; path = SessionManager.swift; sourceTree = "<group>"; };
		0047059C251E84A700BE9E6B /* AlertType.swift */ = {isa = PBXFileReference; lastKnownFileType = sourcecode.swift; path = AlertType.swift; sourceTree = "<group>"; };
		004705A1251E88ED00BE9E6B /* StampEvent.grpc.swift */ = {isa = PBXFileReference; fileEncoding = 4; lastKnownFileType = sourcecode.swift; path = StampEvent.grpc.swift; sourceTree = "<group>"; };
		004705A2251E88EE00BE9E6B /* StampEvent.pb.swift */ = {isa = PBXFileReference; fileEncoding = 4; lastKnownFileType = sourcecode.swift; path = StampEvent.pb.swift; sourceTree = "<group>"; };
		004705AB251E8BBE00BE9E6B /* EventDetailView.swift */ = {isa = PBXFileReference; lastKnownFileType = sourcecode.swift; path = EventDetailView.swift; sourceTree = "<group>"; };
		004705B4251E9D0300BE9E6B /* MarketPlace.grpc.swift */ = {isa = PBXFileReference; fileEncoding = 4; lastKnownFileType = sourcecode.swift; path = MarketPlace.grpc.swift; sourceTree = "<group>"; };
		004705B5251E9D0300BE9E6B /* Organization.pb.swift */ = {isa = PBXFileReference; fileEncoding = 4; lastKnownFileType = sourcecode.swift; path = Organization.pb.swift; sourceTree = "<group>"; };
		004705B6251E9D0300BE9E6B /* MarketPlace.pb.swift */ = {isa = PBXFileReference; fileEncoding = 4; lastKnownFileType = sourcecode.swift; path = MarketPlace.pb.swift; sourceTree = "<group>"; };
		004705B7251E9D0300BE9E6B /* Organization.grpc.swift */ = {isa = PBXFileReference; fileEncoding = 4; lastKnownFileType = sourcecode.swift; path = Organization.grpc.swift; sourceTree = "<group>"; };
		004AC4D7251AA3EC00E0EA33 /* CartManager.swift */ = {isa = PBXFileReference; lastKnownFileType = sourcecode.swift; path = CartManager.swift; sourceTree = "<group>"; };
		004AC4E8251ABD1C00E0EA33 /* CartButton.swift */ = {isa = PBXFileReference; lastKnownFileType = sourcecode.swift; path = CartButton.swift; sourceTree = "<group>"; };
		6B5C11D769E898BD972E5E0D /* Pods-OpenMarketPlace-swift.release.xcconfig */ = {isa = PBXFileReference; includeInIndex = 1; lastKnownFileType = text.xcconfig; name = "Pods-OpenMarketPlace-swift.release.xcconfig"; path = "Target Support Files/Pods-OpenMarketPlace-swift/Pods-OpenMarketPlace-swift.release.xcconfig"; sourceTree = "<group>"; };
		D7A15A8D78960472C131A27F /* Pods-OpenMarketPlace-swift.debug.xcconfig */ = {isa = PBXFileReference; includeInIndex = 1; lastKnownFileType = text.xcconfig; name = "Pods-OpenMarketPlace-swift.debug.xcconfig"; path = "Target Support Files/Pods-OpenMarketPlace-swift/Pods-OpenMarketPlace-swift.debug.xcconfig"; sourceTree = "<group>"; };
		DAF59AC61A2835352AB721D2 /* Pods_OpenMarketPlace_swift.framework */ = {isa = PBXFileReference; explicitFileType = wrapper.framework; includeInIndex = 0; path = Pods_OpenMarketPlace_swift.framework; sourceTree = BUILT_PRODUCTS_DIR; };
/* End PBXFileReference section */

/* Begin PBXFrameworksBuildPhase section */
		0008516225191F7700BFE2BE /* Frameworks */ = {
			isa = PBXFrameworksBuildPhase;
			buildActionMask = 2147483647;
			files = (
				000CF678251D56B700EAAEED /* CodeScanner in Frameworks */,
				635F213FFFBC8F8E5ABBE673 /* Pods_OpenMarketPlace_swift.framework in Frameworks */,
			);
			runOnlyForDeploymentPostprocessing = 0;
		};
/* End PBXFrameworksBuildPhase section */

/* Begin PBXGroup section */
		0008515C25191F7700BFE2BE = {
			isa = PBXGroup;
			children = (
				0008516725191F7700BFE2BE /* OpenMarketPlace-swift */,
				0008516625191F7700BFE2BE /* Products */,
				F8CDF7311A43AECD17972038 /* Pods */,
				F8B2AD9E84575D416ACC7BE0 /* Frameworks */,
			);
			sourceTree = "<group>";
		};
		0008516625191F7700BFE2BE /* Products */ = {
			isa = PBXGroup;
			children = (
				0008516525191F7700BFE2BE /* OpenMarketPlace-swift.app */,
			);
			name = Products;
			sourceTree = "<group>";
		};
		0008516725191F7700BFE2BE /* OpenMarketPlace-swift */ = {
			isa = PBXGroup;
			children = (
				0047051E251D8D2A00BE9E6B /* Manager */,
				000CF611251B1C2500EAAEED /* Extensions */,
				00085180251920C400BFE2BE /* Model */,
				0008517F251920BA00BFE2BE /* View */,
				0008516825191F7700BFE2BE /* AppDelegate.swift */,
				0008516A25191F7700BFE2BE /* SceneDelegate.swift */,
				0008516E25191F7900BFE2BE /* Assets.xcassets */,
				0008517325191F7900BFE2BE /* LaunchScreen.storyboard */,
				0008517625191F7900BFE2BE /* Info.plist */,
				0008517025191F7900BFE2BE /* Preview Content */,
			);
			path = "OpenMarketPlace-swift";
			sourceTree = "<group>";
		};
		0008517025191F7900BFE2BE /* Preview Content */ = {
			isa = PBXGroup;
			children = (
				0008517125191F7900BFE2BE /* Preview Assets.xcassets */,
			);
			path = "Preview Content";
			sourceTree = "<group>";
		};
		0008517F251920BA00BFE2BE /* View */ = {
			isa = PBXGroup;
			children = (
				00470575251E733700BE9E6B /* TabBarView */,
				00470568251DBA2300BE9E6B /* Register */,
				000CF642251D4CAA00EAAEED /* Event */,
				000CF632251B262600EAAEED /* Login */,
				000CF630251B262600EAAEED /* Organization */,
				000CF62D251B262600EAAEED /* Profile */,
				000CF623251B261700EAAEED /* ItemDetail */,
				000CF61B251B25E000EAAEED /* Home */,
				004AC4DA251AB30A00E0EA33 /* Checkout */,
				0008519825196CF700BFE2BE /* Shop */,
				000851932519470C00BFE2BE /* Cart */,
				0008516C25191F7700BFE2BE /* ContentView.swift */,
			);
			path = View;
			sourceTree = "<group>";
		};
		00085180251920C400BFE2BE /* Model */ = {
			isa = PBXGroup;
			children = (
				0047059B251E849C00BE9E6B /* AlertType */,
				00470580251E7BC000BE9E6B /* Error */,
				00470519251D8C4900BE9E6B /* Config */,
				000CF639251B26BF00EAAEED /* Organization */,
				0008519A2519741B00BFE2BE /* Cart */,
				000851882519238500BFE2BE /* GRPC */,
			);
			path = Model;
			sourceTree = "<group>";
		};
		000851882519238500BFE2BE /* GRPC */ = {
			isa = PBXGroup;
			children = (
				00470517251D8C1F00BE9E6B /* proto */,
				00470512251D8B6900BE9E6B /* AccountService.grpc.swift */,
				00470511251D8B6900BE9E6B /* AccountService.pb.swift */,
				004705A1251E88ED00BE9E6B /* StampEvent.grpc.swift */,
				004705A2251E88EE00BE9E6B /* StampEvent.pb.swift */,
				004705B4251E9D0300BE9E6B /* MarketPlace.grpc.swift */,
				004705B6251E9D0300BE9E6B /* MarketPlace.pb.swift */,
				004705B7251E9D0300BE9E6B /* Organization.grpc.swift */,
				004705B5251E9D0300BE9E6B /* Organization.pb.swift */,
			);
			path = GRPC;
			sourceTree = "<group>";
		};
		000851932519470C00BFE2BE /* Cart */ = {
			isa = PBXGroup;
			children = (
				000CF608251AFF7E00EAAEED /* Buttons */,
				0008518A2519250F00BFE2BE /* CartView.swift */,
				0008518D251942FC00BFE2BE /* DetailView.swift */,
			);
			path = Cart;
			sourceTree = "<group>";
		};
		0008519825196CF700BFE2BE /* Shop */ = {
			isa = PBXGroup;
			children = (
				0008519525196AD800BFE2BE /* ShopView.swift */,
			);
			path = Shop;
			sourceTree = "<group>";
		};
		0008519A2519741B00BFE2BE /* Cart */ = {
			isa = PBXGroup;
			children = (
				0008519B2519742C00BFE2BE /* Cart.swift */,
				0008519F2519748B00BFE2BE /* Item.swift */,
				004AC4D7251AA3EC00E0EA33 /* CartManager.swift */,
			);
			path = Cart;
			sourceTree = "<group>";
		};
		000CF608251AFF7E00EAAEED /* Buttons */ = {
			isa = PBXGroup;
			children = (
				004AC4E8251ABD1C00E0EA33 /* CartButton.swift */,
				000CF605251AFF4F00EAAEED /* CheckoutButton.swift */,
				000CF60A251B014800EAAEED /* DetailButton.swift */,
				000CF60D251B03FD00EAAEED /* ContinueToShopButton.swift */,
			);
			path = Buttons;
			sourceTree = "<group>";
		};
		000CF611251B1C2500EAAEED /* Extensions */ = {
			isa = PBXGroup;
			children = (
				000CF601251AE4FA00EAAEED /* ColorExtension.swift */,
				0047056F251DBD6100BE9E6B /* KeyboardAdaptive.swift */,
				0047056E251DBD6100BE9E6B /* KeyboardHeightPublisher.swift */,
				00470570251DBD6200BE9E6B /* UIResponder.swift */,
			);
			path = Extensions;
			sourceTree = "<group>";
		};
		000CF61B251B25E000EAAEED /* Home */ = {
			isa = PBXGroup;
			children = (
				000CF61D251B25FC00EAAEED /* HomeView.swift */,
				000CF61C251B25FC00EAAEED /* ImageSlideView.swift */,
				000CF61E251B25FC00EAAEED /* TrendingRow.swift */,
			);
			path = Home;
			sourceTree = "<group>";
		};
		000CF623251B261700EAAEED /* ItemDetail */ = {
			isa = PBXGroup;
			children = (
				000CF625251B261700EAAEED /* ItemDetailView.swift */,
				000CF626251B261700EAAEED /* ItemDescriptionAndSeller.swift */,
				000CF627251B261700EAAEED /* ItemList.swift */,
			);
			path = ItemDetail;
			sourceTree = "<group>";
		};
		000CF62D251B262600EAAEED /* Profile */ = {
			isa = PBXGroup;
			children = (
				000CF62E251B262600EAAEED /* ProfileView.swift */,
				000CF62F251B262600EAAEED /* OrgMinView.swift */,
			);
			path = Profile;
			sourceTree = "<group>";
		};
		000CF630251B262600EAAEED /* Organization */ = {
			isa = PBXGroup;
			children = (
				000CF631251B262600EAAEED /* OrganizationStore.swift */,
			);
			path = Organization;
			sourceTree = "<group>";
		};
		000CF632251B262600EAAEED /* Login */ = {
			isa = PBXGroup;
			children = (
				000CF633251B262600EAAEED /* LoginView.swift */,
				0047055C251DB13700BE9E6B /* TextFieldView.swift */,
				0047055F251DB1FE00BE9E6B /* LoginButton.swift */,
			);
			path = Login;
			sourceTree = "<group>";
		};
		000CF639251B26BF00EAAEED /* Organization */ = {
			isa = PBXGroup;
			children = (
				000CF63A251B26C900EAAEED /* Organization.swift */,
			);
			path = Organization;
			sourceTree = "<group>";
		};
		000CF642251D4CAA00EAAEED /* Event */ = {
			isa = PBXGroup;
			children = (
				000CF643251D4CC600EAAEED /* QRView.swift */,
				000CF67A251D5C8600EAAEED /* EventView.swift */,
				004705AB251E8BBE00BE9E6B /* EventDetailView.swift */,
			);
			path = Event;
			sourceTree = "<group>";
		};
		000CF687251D6E0900EAAEED /* Event */ = {
			isa = PBXGroup;
			children = (
				000CF684251D6E0500EAAEED /* EventManager.swift */,
			);
			path = Event;
			sourceTree = "<group>";
		};
		0047050C251D822200BE9E6B /* Auth */ = {
			isa = PBXGroup;
			children = (
				0047050D251D822E00BE9E6B /* AuthManager.swift */,
				0047052C251D9EEF00BE9E6B /* User.swift */,
			);
			path = Auth;
			sourceTree = "<group>";
		};
		00470517251D8C1F00BE9E6B /* proto */ = {
			isa = PBXGroup;
			children = (
				00470510251D8B6900BE9E6B /* AccountService.proto */,
				000CF68A251D6F1900EAAEED /* StampEvent.proto */,
			);
			path = proto;
			sourceTree = "<group>";
		};
		00470519251D8C4900BE9E6B /* Config */ = {
			isa = PBXGroup;
			children = (
				0047051A251D8C5400BE9E6B /* Constants.swift */,
			);
			path = Config;
			sourceTree = "<group>";
		};
		0047051E251D8D2A00BE9E6B /* Manager */ = {
			isa = PBXGroup;
			children = (
				0047057A251E754900BE9E6B /* Session */,
				0047050C251D822200BE9E6B /* Auth */,
				000CF687251D6E0900EAAEED /* Event */,
			);
			path = Manager;
			sourceTree = "<group>";
		};
		00470568251DBA2300BE9E6B /* Register */ = {
			isa = PBXGroup;
			children = (
				00470565251DBA1B00BE9E6B /* RegistrationView.swift */,
			);
			path = Register;
			sourceTree = "<group>";
		};
		00470575251E733700BE9E6B /* TabBarView */ = {
			isa = PBXGroup;
			children = (
				00470576251E736800BE9E6B /* TabBarView.swift */,
			);
			path = TabBarView;
			sourceTree = "<group>";
		};
		0047057A251E754900BE9E6B /* Session */ = {
			isa = PBXGroup;
			children = (
				0047057B251E755900BE9E6B /* SessionManager.swift */,
			);
			path = Session;
			sourceTree = "<group>";
		};
		00470580251E7BC000BE9E6B /* Error */ = {
			isa = PBXGroup;
			children = (
				00470562251DB61800BE9E6B /* OMError.swift */,
			);
			path = Error;
			sourceTree = "<group>";
		};
		0047059B251E849C00BE9E6B /* AlertType */ = {
			isa = PBXGroup;
			children = (
				0047059C251E84A700BE9E6B /* AlertType.swift */,
			);
			path = AlertType;
			sourceTree = "<group>";
		};
		004AC4DA251AB30A00E0EA33 /* Checkout */ = {
			isa = PBXGroup;
			children = (
				000CF5FE251ADDB500EAAEED /* CheckoutView.swift */,
			);
			path = Checkout;
			sourceTree = "<group>";
		};
		F8B2AD9E84575D416ACC7BE0 /* Frameworks */ = {
			isa = PBXGroup;
			children = (
				DAF59AC61A2835352AB721D2 /* Pods_OpenMarketPlace_swift.framework */,
			);
			name = Frameworks;
			sourceTree = "<group>";
		};
		F8CDF7311A43AECD17972038 /* Pods */ = {
			isa = PBXGroup;
			children = (
				D7A15A8D78960472C131A27F /* Pods-OpenMarketPlace-swift.debug.xcconfig */,
				6B5C11D769E898BD972E5E0D /* Pods-OpenMarketPlace-swift.release.xcconfig */,
			);
			path = Pods;
			sourceTree = "<group>";
		};
/* End PBXGroup section */

/* Begin PBXNativeTarget section */
		0008516425191F7700BFE2BE /* OpenMarketPlace-swift */ = {
			isa = PBXNativeTarget;
			buildConfigurationList = 0008517925191F7900BFE2BE /* Build configuration list for PBXNativeTarget "OpenMarketPlace-swift" */;
			buildPhases = (
				C780C56EC22A9E3A37C54DA1 /* [CP] Check Pods Manifest.lock */,
				0008516125191F7700BFE2BE /* Sources */,
				0008516225191F7700BFE2BE /* Frameworks */,
				0008516325191F7700BFE2BE /* Resources */,
				FC7A5856716D7CAECA77E81E /* [CP] Embed Pods Frameworks */,
			);
			buildRules = (
			);
			dependencies = (
			);
			name = "OpenMarketPlace-swift";
			packageProductDependencies = (
				000CF677251D56B700EAAEED /* CodeScanner */,
			);
			productName = "OpenMarketPlace-swift";
			productReference = 0008516525191F7700BFE2BE /* OpenMarketPlace-swift.app */;
			productType = "com.apple.product-type.application";
		};
/* End PBXNativeTarget section */

/* Begin PBXProject section */
		0008515D25191F7700BFE2BE /* Project object */ = {
			isa = PBXProject;
			attributes = {
				LastSwiftUpdateCheck = 1200;
				LastUpgradeCheck = 1200;
				TargetAttributes = {
					0008516425191F7700BFE2BE = {
						CreatedOnToolsVersion = 12.0;
					};
				};
			};
			buildConfigurationList = 0008516025191F7700BFE2BE /* Build configuration list for PBXProject "OpenMarketPlace-swift" */;
			compatibilityVersion = "Xcode 9.3";
			developmentRegion = en;
			hasScannedForEncodings = 0;
			knownRegions = (
				en,
				Base,
			);
			mainGroup = 0008515C25191F7700BFE2BE;
			packageReferences = (
				000CF676251D56B700EAAEED /* XCRemoteSwiftPackageReference "CodeScanner" */,
			);
			productRefGroup = 0008516625191F7700BFE2BE /* Products */;
			projectDirPath = "";
			projectRoot = "";
			targets = (
				0008516425191F7700BFE2BE /* OpenMarketPlace-swift */,
			);
		};
/* End PBXProject section */

/* Begin PBXResourcesBuildPhase section */
		0008516325191F7700BFE2BE /* Resources */ = {
			isa = PBXResourcesBuildPhase;
			buildActionMask = 2147483647;
			files = (
				0008517525191F7900BFE2BE /* LaunchScreen.storyboard in Resources */,
				0008517225191F7900BFE2BE /* Preview Assets.xcassets in Resources */,
				0008516F25191F7900BFE2BE /* Assets.xcassets in Resources */,
			);
			runOnlyForDeploymentPostprocessing = 0;
		};
/* End PBXResourcesBuildPhase section */

/* Begin PBXShellScriptBuildPhase section */
		C780C56EC22A9E3A37C54DA1 /* [CP] Check Pods Manifest.lock */ = {
			isa = PBXShellScriptBuildPhase;
			buildActionMask = 2147483647;
			files = (
			);
			inputFileListPaths = (
			);
			inputPaths = (
				"${PODS_PODFILE_DIR_PATH}/Podfile.lock",
				"${PODS_ROOT}/Manifest.lock",
			);
			name = "[CP] Check Pods Manifest.lock";
			outputFileListPaths = (
			);
			outputPaths = (
				"$(DERIVED_FILE_DIR)/Pods-OpenMarketPlace-swift-checkManifestLockResult.txt",
			);
			runOnlyForDeploymentPostprocessing = 0;
			shellPath = /bin/sh;
			shellScript = "diff \"${PODS_PODFILE_DIR_PATH}/Podfile.lock\" \"${PODS_ROOT}/Manifest.lock\" > /dev/null\nif [ $? != 0 ] ; then\n    # print error to STDERR\n    echo \"error: The sandbox is not in sync with the Podfile.lock. Run 'pod install' or update your CocoaPods installation.\" >&2\n    exit 1\nfi\n# This output is used by Xcode 'outputs' to avoid re-running this script phase.\necho \"SUCCESS\" > \"${SCRIPT_OUTPUT_FILE_0}\"\n";
			showEnvVarsInLog = 0;
		};
		FC7A5856716D7CAECA77E81E /* [CP] Embed Pods Frameworks */ = {
			isa = PBXShellScriptBuildPhase;
			buildActionMask = 2147483647;
			files = (
			);
			inputFileListPaths = (
				"${PODS_ROOT}/Target Support Files/Pods-OpenMarketPlace-swift/Pods-OpenMarketPlace-swift-frameworks-${CONFIGURATION}-input-files.xcfilelist",
			);
			name = "[CP] Embed Pods Frameworks";
			outputFileListPaths = (
				"${PODS_ROOT}/Target Support Files/Pods-OpenMarketPlace-swift/Pods-OpenMarketPlace-swift-frameworks-${CONFIGURATION}-output-files.xcfilelist",
			);
			runOnlyForDeploymentPostprocessing = 0;
			shellPath = /bin/sh;
			shellScript = "\"${PODS_ROOT}/Target Support Files/Pods-OpenMarketPlace-swift/Pods-OpenMarketPlace-swift-frameworks.sh\"\n";
			showEnvVarsInLog = 0;
		};
/* End PBXShellScriptBuildPhase section */

/* Begin PBXSourcesBuildPhase section */
		0008516125191F7700BFE2BE /* Sources */ = {
			isa = PBXSourcesBuildPhase;
			buildActionMask = 2147483647;
			files = (
				000CF629251B261700EAAEED /* ItemDetailView.swift in Sources */,
				000CF60B251B014800EAAEED /* DetailButton.swift in Sources */,
				000CF635251B262600EAAEED /* OrgMinView.swift in Sources */,
				00470566251DBA1B00BE9E6B /* RegistrationView.swift in Sources */,
				0008516925191F7700BFE2BE /* AppDelegate.swift in Sources */,
				000CF5FF251ADDB600EAAEED /* CheckoutView.swift in Sources */,
				000CF606251AFF4F00EAAEED /* CheckoutButton.swift in Sources */,
				000851A02519748B00BFE2BE /* Item.swift in Sources */,
				004705B8251E9D0300BE9E6B /* MarketPlace.grpc.swift in Sources */,
				000CF620251B25FD00EAAEED /* HomeView.swift in Sources */,
				00470571251DBD6200BE9E6B /* KeyboardHeightPublisher.swift in Sources */,
				000CF62B251B261700EAAEED /* ItemList.swift in Sources */,
				000CF637251B262600EAAEED /* LoginView.swift in Sources */,
				0008516B25191F7700BFE2BE /* SceneDelegate.swift in Sources */,
				00470573251DBD6200BE9E6B /* UIResponder.swift in Sources */,
				004AC4E9251ABD1C00E0EA33 /* CartButton.swift in Sources */,
				004705A3251E88EE00BE9E6B /* StampEvent.grpc.swift in Sources */,
				000CF60E251B03FD00EAAEED /* ContinueToShopButton.swift in Sources */,
				000CF644251D4CC600EAAEED /* QRView.swift in Sources */,
				0008519625196AD800BFE2BE /* ShopView.swift in Sources */,
				0047059D251E84A700BE9E6B /* AlertType.swift in Sources */,
				00470563251DB61800BE9E6B /* OMError.swift in Sources */,
				004705A4251E88EE00BE9E6B /* StampEvent.pb.swift in Sources */,
				000CF62A251B261700EAAEED /* ItemDescriptionAndSeller.swift in Sources */,
				00470515251D8B6900BE9E6B /* AccountService.grpc.swift in Sources */,
				004AC4D8251AA3EC00E0EA33 /* CartManager.swift in Sources */,
				0047052D251D9EEF00BE9E6B /* User.swift in Sources */,
				0008518B2519250F00BFE2BE /* CartView.swift in Sources */,
				004705AC251E8BBE00BE9E6B /* EventDetailView.swift in Sources */,
				000CF602251AE4FA00EAAEED /* ColorExtension.swift in Sources */,
				00470572251DBD6200BE9E6B /* KeyboardAdaptive.swift in Sources */,
				00470514251D8B6900BE9E6B /* AccountService.pb.swift in Sources */,
				004705B9251E9D0300BE9E6B /* Organization.pb.swift in Sources */,
				0047050E251D822E00BE9E6B /* AuthManager.swift in Sources */,
				000CF685251D6E0500EAAEED /* EventManager.swift in Sources */,
				000CF634251B262600EAAEED /* ProfileView.swift in Sources */,
				004705BA251E9D0300BE9E6B /* MarketPlace.pb.swift in Sources */,
				00470560251DB1FE00BE9E6B /* LoginButton.swift in Sources */,
				0047057C251E755900BE9E6B /* SessionManager.swift in Sources */,
				000CF636251B262600EAAEED /* OrganizationStore.swift in Sources */,
				0008518E251942FC00BFE2BE /* DetailView.swift in Sources */,
				0047055D251DB13700BE9E6B /* TextFieldView.swift in Sources */,
				00470513251D8B6900BE9E6B /* AccountService.proto in Sources */,
				000CF67B251D5C8600EAAEED /* EventView.swift in Sources */,
				0008516D25191F7700BFE2BE /* ContentView.swift in Sources */,
				000CF61F251B25FD00EAAEED /* ImageSlideView.swift in Sources */,
				0008519C2519742C00BFE2BE /* Cart.swift in Sources */,
				000CF68D251D6F1900EAAEED /* StampEvent.proto in Sources */,
				00470577251E736800BE9E6B /* TabBarView.swift in Sources */,
				004705BB251E9D0300BE9E6B /* Organization.grpc.swift in Sources */,
				000CF63B251B26C900EAAEED /* Organization.swift in Sources */,
				0047051B251D8C5400BE9E6B /* Constants.swift in Sources */,
				000CF621251B25FD00EAAEED /* TrendingRow.swift in Sources */,
			);
			runOnlyForDeploymentPostprocessing = 0;
		};
/* End PBXSourcesBuildPhase section */

/* Begin PBXVariantGroup section */
		0008517325191F7900BFE2BE /* LaunchScreen.storyboard */ = {
			isa = PBXVariantGroup;
			children = (
				0008517425191F7900BFE2BE /* Base */,
			);
			name = LaunchScreen.storyboard;
			sourceTree = "<group>";
		};
/* End PBXVariantGroup section */

/* Begin XCBuildConfiguration section */
		0008517725191F7900BFE2BE /* Debug */ = {
			isa = XCBuildConfiguration;
			buildSettings = {
				ALWAYS_SEARCH_USER_PATHS = NO;
				CLANG_ANALYZER_NONNULL = YES;
				CLANG_ANALYZER_NUMBER_OBJECT_CONVERSION = YES_AGGRESSIVE;
				CLANG_CXX_LANGUAGE_STANDARD = "gnu++14";
				CLANG_CXX_LIBRARY = "libc++";
				CLANG_ENABLE_MODULES = YES;
				CLANG_ENABLE_OBJC_ARC = YES;
				CLANG_ENABLE_OBJC_WEAK = YES;
				CLANG_WARN_BLOCK_CAPTURE_AUTORELEASING = YES;
				CLANG_WARN_BOOL_CONVERSION = YES;
				CLANG_WARN_COMMA = YES;
				CLANG_WARN_CONSTANT_CONVERSION = YES;
				CLANG_WARN_DEPRECATED_OBJC_IMPLEMENTATIONS = YES;
				CLANG_WARN_DIRECT_OBJC_ISA_USAGE = YES_ERROR;
				CLANG_WARN_DOCUMENTATION_COMMENTS = YES;
				CLANG_WARN_EMPTY_BODY = YES;
				CLANG_WARN_ENUM_CONVERSION = YES;
				CLANG_WARN_INFINITE_RECURSION = YES;
				CLANG_WARN_INT_CONVERSION = YES;
				CLANG_WARN_NON_LITERAL_NULL_CONVERSION = YES;
				CLANG_WARN_OBJC_IMPLICIT_RETAIN_SELF = YES;
				CLANG_WARN_OBJC_LITERAL_CONVERSION = YES;
				CLANG_WARN_OBJC_ROOT_CLASS = YES_ERROR;
				CLANG_WARN_QUOTED_INCLUDE_IN_FRAMEWORK_HEADER = YES;
				CLANG_WARN_RANGE_LOOP_ANALYSIS = YES;
				CLANG_WARN_STRICT_PROTOTYPES = YES;
				CLANG_WARN_SUSPICIOUS_MOVE = YES;
				CLANG_WARN_UNGUARDED_AVAILABILITY = YES_AGGRESSIVE;
				CLANG_WARN_UNREACHABLE_CODE = YES;
				CLANG_WARN__DUPLICATE_METHOD_MATCH = YES;
				COPY_PHASE_STRIP = NO;
				DEBUG_INFORMATION_FORMAT = dwarf;
				ENABLE_STRICT_OBJC_MSGSEND = YES;
				ENABLE_TESTABILITY = YES;
				GCC_C_LANGUAGE_STANDARD = gnu11;
				GCC_DYNAMIC_NO_PIC = NO;
				GCC_NO_COMMON_BLOCKS = YES;
				GCC_OPTIMIZATION_LEVEL = 0;
				GCC_PREPROCESSOR_DEFINITIONS = (
					"DEBUG=1",
					"$(inherited)",
				);
				GCC_WARN_64_TO_32_BIT_CONVERSION = YES;
				GCC_WARN_ABOUT_RETURN_TYPE = YES_ERROR;
				GCC_WARN_UNDECLARED_SELECTOR = YES;
				GCC_WARN_UNINITIALIZED_AUTOS = YES_AGGRESSIVE;
				GCC_WARN_UNUSED_FUNCTION = YES;
				GCC_WARN_UNUSED_VARIABLE = YES;
				IPHONEOS_DEPLOYMENT_TARGET = 14.0;
				MTL_ENABLE_DEBUG_INFO = INCLUDE_SOURCE;
				MTL_FAST_MATH = YES;
				ONLY_ACTIVE_ARCH = YES;
				SDKROOT = iphoneos;
				SWIFT_ACTIVE_COMPILATION_CONDITIONS = DEBUG;
				SWIFT_OPTIMIZATION_LEVEL = "-Onone";
			};
			name = Debug;
		};
		0008517825191F7900BFE2BE /* Release */ = {
			isa = XCBuildConfiguration;
			buildSettings = {
				ALWAYS_SEARCH_USER_PATHS = NO;
				CLANG_ANALYZER_NONNULL = YES;
				CLANG_ANALYZER_NUMBER_OBJECT_CONVERSION = YES_AGGRESSIVE;
				CLANG_CXX_LANGUAGE_STANDARD = "gnu++14";
				CLANG_CXX_LIBRARY = "libc++";
				CLANG_ENABLE_MODULES = YES;
				CLANG_ENABLE_OBJC_ARC = YES;
				CLANG_ENABLE_OBJC_WEAK = YES;
				CLANG_WARN_BLOCK_CAPTURE_AUTORELEASING = YES;
				CLANG_WARN_BOOL_CONVERSION = YES;
				CLANG_WARN_COMMA = YES;
				CLANG_WARN_CONSTANT_CONVERSION = YES;
				CLANG_WARN_DEPRECATED_OBJC_IMPLEMENTATIONS = YES;
				CLANG_WARN_DIRECT_OBJC_ISA_USAGE = YES_ERROR;
				CLANG_WARN_DOCUMENTATION_COMMENTS = YES;
				CLANG_WARN_EMPTY_BODY = YES;
				CLANG_WARN_ENUM_CONVERSION = YES;
				CLANG_WARN_INFINITE_RECURSION = YES;
				CLANG_WARN_INT_CONVERSION = YES;
				CLANG_WARN_NON_LITERAL_NULL_CONVERSION = YES;
				CLANG_WARN_OBJC_IMPLICIT_RETAIN_SELF = YES;
				CLANG_WARN_OBJC_LITERAL_CONVERSION = YES;
				CLANG_WARN_OBJC_ROOT_CLASS = YES_ERROR;
				CLANG_WARN_QUOTED_INCLUDE_IN_FRAMEWORK_HEADER = YES;
				CLANG_WARN_RANGE_LOOP_ANALYSIS = YES;
				CLANG_WARN_STRICT_PROTOTYPES = YES;
				CLANG_WARN_SUSPICIOUS_MOVE = YES;
				CLANG_WARN_UNGUARDED_AVAILABILITY = YES_AGGRESSIVE;
				CLANG_WARN_UNREACHABLE_CODE = YES;
				CLANG_WARN__DUPLICATE_METHOD_MATCH = YES;
				COPY_PHASE_STRIP = NO;
				DEBUG_INFORMATION_FORMAT = "dwarf-with-dsym";
				ENABLE_NS_ASSERTIONS = NO;
				ENABLE_STRICT_OBJC_MSGSEND = YES;
				GCC_C_LANGUAGE_STANDARD = gnu11;
				GCC_NO_COMMON_BLOCKS = YES;
				GCC_WARN_64_TO_32_BIT_CONVERSION = YES;
				GCC_WARN_ABOUT_RETURN_TYPE = YES_ERROR;
				GCC_WARN_UNDECLARED_SELECTOR = YES;
				GCC_WARN_UNINITIALIZED_AUTOS = YES_AGGRESSIVE;
				GCC_WARN_UNUSED_FUNCTION = YES;
				GCC_WARN_UNUSED_VARIABLE = YES;
				IPHONEOS_DEPLOYMENT_TARGET = 14.0;
				MTL_ENABLE_DEBUG_INFO = NO;
				MTL_FAST_MATH = YES;
				SDKROOT = iphoneos;
				SWIFT_COMPILATION_MODE = wholemodule;
				SWIFT_OPTIMIZATION_LEVEL = "-O";
				VALIDATE_PRODUCT = YES;
			};
			name = Release;
		};
		0008517A25191F7900BFE2BE /* Debug */ = {
			isa = XCBuildConfiguration;
			baseConfigurationReference = D7A15A8D78960472C131A27F /* Pods-OpenMarketPlace-swift.debug.xcconfig */;
			buildSettings = {
				ASSETCATALOG_COMPILER_APPICON_NAME = AppIcon;
				ASSETCATALOG_COMPILER_GLOBAL_ACCENT_COLOR_NAME = AccentColor;
				CODE_SIGN_STYLE = Automatic;
				DEVELOPMENT_ASSET_PATHS = "\"OpenMarketPlace-swift/Preview Content\"";
				DEVELOPMENT_TEAM = P7BR9K94MN;
				ENABLE_PREVIEWS = YES;
				INFOPLIST_FILE = "OpenMarketPlace-swift/Info.plist";
				LD_RUNPATH_SEARCH_PATHS = (
					"$(inherited)",
					"@executable_path/Frameworks",
				);
				PRODUCT_BUNDLE_IDENTIFIER = "io.openmarket.OpenMarketPlace-swifta";
				PRODUCT_NAME = "$(TARGET_NAME)";
				SWIFT_VERSION = 5.0;
				TARGETED_DEVICE_FAMILY = "1,2";
			};
			name = Debug;
		};
		0008517B25191F7900BFE2BE /* Release */ = {
			isa = XCBuildConfiguration;
			baseConfigurationReference = 6B5C11D769E898BD972E5E0D /* Pods-OpenMarketPlace-swift.release.xcconfig */;
			buildSettings = {
				ASSETCATALOG_COMPILER_APPICON_NAME = AppIcon;
				ASSETCATALOG_COMPILER_GLOBAL_ACCENT_COLOR_NAME = AccentColor;
				CODE_SIGN_STYLE = Automatic;
				DEVELOPMENT_ASSET_PATHS = "\"OpenMarketPlace-swift/Preview Content\"";
				DEVELOPMENT_TEAM = P7BR9K94MN;
				ENABLE_PREVIEWS = YES;
				INFOPLIST_FILE = "OpenMarketPlace-swift/Info.plist";
				LD_RUNPATH_SEARCH_PATHS = (
					"$(inherited)",
					"@executable_path/Frameworks",
				);
				PRODUCT_BUNDLE_IDENTIFIER = "io.openmarket.OpenMarketPlace-swifta";
				PRODUCT_NAME = "$(TARGET_NAME)";
				SWIFT_VERSION = 5.0;
				TARGETED_DEVICE_FAMILY = "1,2";
			};
			name = Release;
		};
/* End XCBuildConfiguration section */

/* Begin XCConfigurationList section */
		0008516025191F7700BFE2BE /* Build configuration list for PBXProject "OpenMarketPlace-swift" */ = {
			isa = XCConfigurationList;
			buildConfigurations = (
				0008517725191F7900BFE2BE /* Debug */,
				0008517825191F7900BFE2BE /* Release */,
			);
			defaultConfigurationIsVisible = 0;
			defaultConfigurationName = Release;
		};
		0008517925191F7900BFE2BE /* Build configuration list for PBXNativeTarget "OpenMarketPlace-swift" */ = {
			isa = XCConfigurationList;
			buildConfigurations = (
				0008517A25191F7900BFE2BE /* Debug */,
				0008517B25191F7900BFE2BE /* Release */,
			);
			defaultConfigurationIsVisible = 0;
			defaultConfigurationName = Release;
		};
/* End XCConfigurationList section */

/* Begin XCRemoteSwiftPackageReference section */
		000CF676251D56B700EAAEED /* XCRemoteSwiftPackageReference "CodeScanner" */ = {
			isa = XCRemoteSwiftPackageReference;
			repositoryURL = "https://github.com/twostraws/CodeScanner";
			requirement = {
				kind = upToNextMajorVersion;
				minimumVersion = 1.0.6;
			};
		};
/* End XCRemoteSwiftPackageReference section */

/* Begin XCSwiftPackageProductDependency section */
		000CF677251D56B700EAAEED /* CodeScanner */ = {
			isa = XCSwiftPackageProductDependency;
			package = 000CF676251D56B700EAAEED /* XCRemoteSwiftPackageReference "CodeScanner" */;
			productName = CodeScanner;
		};
/* End XCSwiftPackageProductDependency section */
	};
	rootObject = 0008515D25191F7700BFE2BE /* Project object */;
}
