// !$*UTF8*$!
{
	archiveVersion = 1;
	classes = {
	};
	objectVersion = 52;
	objects = {

/* Begin PBXBuildFile section */
		0008516925191F7700BFE2BE /* AppDelegate.swift in Sources */ = {isa = PBXBuildFile; fileRef = 0008516825191F7700BFE2BE /* AppDelegate.swift */; };
		0008516B25191F7700BFE2BE /* SceneDelegate.swift in Sources */ = {isa = PBXBuildFile; fileRef = 0008516A25191F7700BFE2BE /* SceneDelegate.swift */; };
		0008516D25191F7700BFE2BE /* ContentView.swift in Sources */ = {isa = PBXBuildFile; fileRef = 0008516C25191F7700BFE2BE /* ContentView.swift */; };
		0008516F25191F7900BFE2BE /* Assets.xcassets in Resources */ = {isa = PBXBuildFile; fileRef = 0008516E25191F7900BFE2BE /* Assets.xcassets */; };
		0008517225191F7900BFE2BE /* Preview Assets.xcassets in Resources */ = {isa = PBXBuildFile; fileRef = 0008517125191F7900BFE2BE /* Preview Assets.xcassets */; };
		0008517525191F7900BFE2BE /* LaunchScreen.storyboard in Resources */ = {isa = PBXBuildFile; fileRef = 0008517325191F7900BFE2BE /* LaunchScreen.storyboard */; };
		0008518B2519250F00BFE2BE /* CartView.swift in Sources */ = {isa = PBXBuildFile; fileRef = 0008518A2519250F00BFE2BE /* CartView.swift */; };
		0008518E251942FC00BFE2BE /* DetailView.swift in Sources */ = {isa = PBXBuildFile; fileRef = 0008518D251942FC00BFE2BE /* DetailView.swift */; };
		0008519625196AD800BFE2BE /* ShopView.swift in Sources */ = {isa = PBXBuildFile; fileRef = 0008519525196AD800BFE2BE /* ShopView.swift */; };
		0008519C2519742C00BFE2BE /* Cart.swift in Sources */ = {isa = PBXBuildFile; fileRef = 0008519B2519742C00BFE2BE /* Cart.swift */; };
		000851A02519748B00BFE2BE /* Item.swift in Sources */ = {isa = PBXBuildFile; fileRef = 0008519F2519748B00BFE2BE /* Item.swift */; };
		000CF5FF251ADDB600EAAEED /* CheckoutView.swift in Sources */ = {isa = PBXBuildFile; fileRef = 000CF5FE251ADDB500EAAEED /* CheckoutView.swift */; };
		000CF602251AE4FA00EAAEED /* ColorExtension.swift in Sources */ = {isa = PBXBuildFile; fileRef = 000CF601251AE4FA00EAAEED /* ColorExtension.swift */; };
		000CF606251AFF4F00EAAEED /* CheckoutButton.swift in Sources */ = {isa = PBXBuildFile; fileRef = 000CF605251AFF4F00EAAEED /* CheckoutButton.swift */; };
		000CF60B251B014800EAAEED /* DetailButton.swift in Sources */ = {isa = PBXBuildFile; fileRef = 000CF60A251B014800EAAEED /* DetailButton.swift */; };
		000CF60E251B03FD00EAAEED /* ContinueToShopButton.swift in Sources */ = {isa = PBXBuildFile; fileRef = 000CF60D251B03FD00EAAEED /* ContinueToShopButton.swift */; };
		000CF61F251B25FD00EAAEED /* ImageSlideView.swift in Sources */ = {isa = PBXBuildFile; fileRef = 000CF61C251B25FC00EAAEED /* ImageSlideView.swift */; };
		000CF620251B25FD00EAAEED /* HomeView.swift in Sources */ = {isa = PBXBuildFile; fileRef = 000CF61D251B25FC00EAAEED /* HomeView.swift */; };
		000CF621251B25FD00EAAEED /* TrendingRow.swift in Sources */ = {isa = PBXBuildFile; fileRef = 000CF61E251B25FC00EAAEED /* TrendingRow.swift */; };
		000CF629251B261700EAAEED /* ItemDetailView.swift in Sources */ = {isa = PBXBuildFile; fileRef = 000CF625251B261700EAAEED /* ItemDetailView.swift */; };
		000CF62A251B261700EAAEED /* ItemDescriptionAndSeller.swift in Sources */ = {isa = PBXBuildFile; fileRef = 000CF626251B261700EAAEED /* ItemDescriptionAndSeller.swift */; };
		000CF62B251B261700EAAEED /* ItemList.swift in Sources */ = {isa = PBXBuildFile; fileRef = 000CF627251B261700EAAEED /* ItemList.swift */; };
		000CF634251B262600EAAEED /* ProfileView.swift in Sources */ = {isa = PBXBuildFile; fileRef = 000CF62E251B262600EAAEED /* ProfileView.swift */; };
		000CF635251B262600EAAEED /* OrgMinView.swift in Sources */ = {isa = PBXBuildFile; fileRef = 000CF62F251B262600EAAEED /* OrgMinView.swift */; };
		000CF636251B262600EAAEED /* OrganizationStore.swift in Sources */ = {isa = PBXBuildFile; fileRef = 000CF631251B262600EAAEED /* OrganizationStore.swift */; };
		000CF637251B262600EAAEED /* LoginView.swift in Sources */ = {isa = PBXBuildFile; fileRef = 000CF633251B262600EAAEED /* LoginView.swift */; };
		000CF644251D4CC600EAAEED /* QRView.swift in Sources */ = {isa = PBXBuildFile; fileRef = 000CF643251D4CC600EAAEED /* QRView.swift */; };
		000CF678251D56B700EAAEED /* CodeScanner in Frameworks */ = {isa = PBXBuildFile; productRef = 000CF677251D56B700EAAEED /* CodeScanner */; };
		000CF67B251D5C8600EAAEED /* EventView.swift in Sources */ = {isa = PBXBuildFile; fileRef = 000CF67A251D5C8600EAAEED /* EventView.swift */; };
		000CF685251D6E0500EAAEED /* EventManager.swift in Sources */ = {isa = PBXBuildFile; fileRef = 000CF684251D6E0500EAAEED /* EventManager.swift */; };
		0022AD1625897FE90086861C /* CurrencyPickerItem.swift in Sources */ = {isa = PBXBuildFile; fileRef = 0022AD1525897FE90086861C /* CurrencyPickerItem.swift */; };
		0022AD202589AA9C0086861C /* SwipeableView in Frameworks */ = {isa = PBXBuildFile; productRef = 0022AD1F2589AA9C0086861C /* SwipeableView */; };
		0022AD242589AE070086861C /* EventViewCell.swift in Sources */ = {isa = PBXBuildFile; fileRef = 0022AD232589AE070086861C /* EventViewCell.swift */; };
		0022AD2B2589CAD80086861C /* StringExtension.swift in Sources */ = {isa = PBXBuildFile; fileRef = 0022AD2A2589CAD80086861C /* StringExtension.swift */; };
		0022AD2F2589D2F90086861C /* StampEvent.pb.swift in Sources */ = {isa = PBXBuildFile; fileRef = 0022AD2D2589D2F90086861C /* StampEvent.pb.swift */; };
		0022AD302589D2F90086861C /* StampEvent.grpc.swift in Sources */ = {isa = PBXBuildFile; fileRef = 0022AD2E2589D2F90086861C /* StampEvent.grpc.swift */; };
		0022AD352589D8FA0086861C /* DateExtension.swift in Sources */ = {isa = PBXBuildFile; fileRef = 0022AD342589D8FA0086861C /* DateExtension.swift */; };
		0022AD38258AA26A0086861C /* GeneratedQRView.swift in Sources */ = {isa = PBXBuildFile; fileRef = 0022AD37258AA26A0086861C /* GeneratedQRView.swift */; };
		0047050E251D822E00BE9E6B /* AuthManager.swift in Sources */ = {isa = PBXBuildFile; fileRef = 0047050D251D822E00BE9E6B /* AuthManager.swift */; };
		0047051B251D8C5400BE9E6B /* Constants.swift in Sources */ = {isa = PBXBuildFile; fileRef = 0047051A251D8C5400BE9E6B /* Constants.swift */; };
		0047052D251D9EEF00BE9E6B /* User.swift in Sources */ = {isa = PBXBuildFile; fileRef = 0047052C251D9EEF00BE9E6B /* User.swift */; };
		0047055D251DB13700BE9E6B /* GeneralTextField.swift in Sources */ = {isa = PBXBuildFile; fileRef = 0047055C251DB13700BE9E6B /* GeneralTextField.swift */; };
		00470560251DB1FE00BE9E6B /* LoginButton.swift in Sources */ = {isa = PBXBuildFile; fileRef = 0047055F251DB1FE00BE9E6B /* LoginButton.swift */; };
		00470563251DB61800BE9E6B /* OMError.swift in Sources */ = {isa = PBXBuildFile; fileRef = 00470562251DB61800BE9E6B /* OMError.swift */; };
		00470566251DBA1B00BE9E6B /* RegistrationView.swift in Sources */ = {isa = PBXBuildFile; fileRef = 00470565251DBA1B00BE9E6B /* RegistrationView.swift */; };
		00470571251DBD6200BE9E6B /* KeyboardHeightPublisher.swift in Sources */ = {isa = PBXBuildFile; fileRef = 0047056E251DBD6100BE9E6B /* KeyboardHeightPublisher.swift */; };
		00470572251DBD6200BE9E6B /* KeyboardAdaptive.swift in Sources */ = {isa = PBXBuildFile; fileRef = 0047056F251DBD6100BE9E6B /* KeyboardAdaptive.swift */; };
		00470573251DBD6200BE9E6B /* UIResponder.swift in Sources */ = {isa = PBXBuildFile; fileRef = 00470570251DBD6200BE9E6B /* UIResponder.swift */; };
		00470577251E736800BE9E6B /* TabBarView.swift in Sources */ = {isa = PBXBuildFile; fileRef = 00470576251E736800BE9E6B /* TabBarView.swift */; };
		0047057C251E755900BE9E6B /* SessionManager.swift in Sources */ = {isa = PBXBuildFile; fileRef = 0047057B251E755900BE9E6B /* SessionManager.swift */; };
		0047059D251E84A700BE9E6B /* AlertType.swift in Sources */ = {isa = PBXBuildFile; fileRef = 0047059C251E84A700BE9E6B /* AlertType.swift */; };
		004705AC251E8BBE00BE9E6B /* EventDetailView.swift in Sources */ = {isa = PBXBuildFile; fileRef = 004705AB251E8BBE00BE9E6B /* EventDetailView.swift */; };
		004AC4D8251AA3EC00E0EA33 /* CartManager.swift in Sources */ = {isa = PBXBuildFile; fileRef = 004AC4D7251AA3EC00E0EA33 /* CartManager.swift */; };
		004AC4E9251ABD1C00E0EA33 /* GeneralButton.swift in Sources */ = {isa = PBXBuildFile; fileRef = 004AC4E8251ABD1C00E0EA33 /* GeneralButton.swift */; };
		00545AA82596B36600F92AE2 /* NewsFeed.pb.swift in Sources */ = {isa = PBXBuildFile; fileRef = 00545AA72596B36600F92AE2 /* NewsFeed.pb.swift */; };
		00545AAB2596B3BF00F92AE2 /* GeneralBackButton.swift in Sources */ = {isa = PBXBuildFile; fileRef = 00545AAA2596B3BF00F92AE2 /* GeneralBackButton.swift */; };
		00545AAF2596B3E000F92AE2 /* NewsFeedManager.swift in Sources */ = {isa = PBXBuildFile; fileRef = 00545AAE2596B3E000F92AE2 /* NewsFeedManager.swift */; };
		00545AB72596B40B00F92AE2 /* OrgTitleBar.swift in Sources */ = {isa = PBXBuildFile; fileRef = 00545AB22596B40B00F92AE2 /* OrgTitleBar.swift */; };
		00545AB82596B40B00F92AE2 /* OrgEventsBar.swift in Sources */ = {isa = PBXBuildFile; fileRef = 00545AB32596B40B00F92AE2 /* OrgEventsBar.swift */; };
		00545AB92596B40B00F92AE2 /* OrgNavLink.swift in Sources */ = {isa = PBXBuildFile; fileRef = 00545AB42596B40B00F92AE2 /* OrgNavLink.swift */; };
		00545ABA2596B40B00F92AE2 /* OrgItemGrid.swift in Sources */ = {isa = PBXBuildFile; fileRef = 00545AB52596B40B00F92AE2 /* OrgItemGrid.swift */; };
		00545ABB2596B40B00F92AE2 /* OrgEventCell.swift in Sources */ = {isa = PBXBuildFile; fileRef = 00545AB62596B40B00F92AE2 /* OrgEventCell.swift */; };
		00545ABE2596B49700F92AE2 /* NewsFeed.grpc.swift in Sources */ = {isa = PBXBuildFile; fileRef = 00545ABD2596B49700F92AE2 /* NewsFeed.grpc.swift */; };
		008C27E6258C17AC0029C26F /* BottomSheet-SwiftUI in Frameworks */ = {isa = PBXBuildFile; productRef = 008C27E5258C17AC0029C26F /* BottomSheet-SwiftUI */; };
		008C27EB258C23240029C26F /* WalletTopBar.swift in Sources */ = {isa = PBXBuildFile; fileRef = 008C27EA258C23240029C26F /* WalletTopBar.swift */; };
		008C2800258C45CE0029C26F /* HomePageSearchBar.swift in Sources */ = {isa = PBXBuildFile; fileRef = 008C27FF258C45CE0029C26F /* HomePageSearchBar.swift */; };
		008C2803258C463A0029C26F /* HomePageSearchTextField.swift in Sources */ = {isa = PBXBuildFile; fileRef = 008C2802258C463A0029C26F /* HomePageSearchTextField.swift */; };
		008C2806258C4E620029C26F /* HomeViewSlider.swift in Sources */ = {isa = PBXBuildFile; fileRef = 008C2805258C4E620029C26F /* HomeViewSlider.swift */; };
		008C2809258C62540029C26F /* ItemViewButton.swift in Sources */ = {isa = PBXBuildFile; fileRef = 008C2808258C62540029C26F /* ItemViewButton.swift */; };
		008C280C258C64240029C26F /* PosterItemContainer.swift in Sources */ = {isa = PBXBuildFile; fileRef = 008C280B258C64240029C26F /* PosterItemContainer.swift */; };
		008C280F258C6B580029C26F /* ShopPoster.swift in Sources */ = {isa = PBXBuildFile; fileRef = 008C280E258C6B580029C26F /* ShopPoster.swift */; };
		008C2816258C88350029C26F /* ItemViewQuantityPicker.swift in Sources */ = {isa = PBXBuildFile; fileRef = 008C2815258C88350029C26F /* ItemViewQuantityPicker.swift */; };
		008C281A258D5D0C0029C26F /* HomeViewNavBoardButton.swift in Sources */ = {isa = PBXBuildFile; fileRef = 008C2819258D5D0C0029C26F /* HomeViewNavBoardButton.swift */; };
		008C2821258D629C0029C26F /* HomeViewNavBoard.swift in Sources */ = {isa = PBXBuildFile; fileRef = 008C2820258D629C0029C26F /* HomeViewNavBoard.swift */; };
		008C283B258DB7E90029C26F /* Grid in Frameworks */ = {isa = PBXBuildFile; productRef = 008C283A258DB7E90029C26F /* Grid */; };
		008C283E258DC5760029C26F /* HomeViewItemCell.swift in Sources */ = {isa = PBXBuildFile; fileRef = 008C283D258DC5760029C26F /* HomeViewItemCell.swift */; };
		008C284A258EAF160029C26F /* ScrollViewWithRefresh.swift in Sources */ = {isa = PBXBuildFile; fileRef = 008C2849258EAF160029C26F /* ScrollViewWithRefresh.swift */; };
		008C2853258EC5F50029C26F /* ItemView.swift in Sources */ = {isa = PBXBuildFile; fileRef = 008C2852258EC5F50029C26F /* ItemView.swift */; };
		008C2856258ECE4A0029C26F /* ItemDetailViewInfo.swift in Sources */ = {isa = PBXBuildFile; fileRef = 008C2855258ECE4A0029C26F /* ItemDetailViewInfo.swift */; };
		008C285A258ED42D0029C26F /* ExDivider.swift in Sources */ = {isa = PBXBuildFile; fileRef = 008C2859258ED42D0029C26F /* ExDivider.swift */; };
		008C285D258ED91E0029C26F /* ItemDetailViewDetailBox.swift in Sources */ = {isa = PBXBuildFile; fileRef = 008C285C258ED91E0029C26F /* ItemDetailViewDetailBox.swift */; };
		008C2860258ED9EB0029C26F /* ItemDetailViewCartButtons.swift in Sources */ = {isa = PBXBuildFile; fileRef = 008C285F258ED9EB0029C26F /* ItemDetailViewCartButtons.swift */; };
		008C2865258EF3910029C26F /* NewCartView.swift in Sources */ = {isa = PBXBuildFile; fileRef = 008C2864258EF3910029C26F /* NewCartView.swift */; };
		008C2869258EF7120029C26F /* CartViewOrgCell.swift in Sources */ = {isa = PBXBuildFile; fileRef = 008C2868258EF7120029C26F /* CartViewOrgCell.swift */; };
		008C286D258EF91E0029C26F /* CartViewItemCell.swift in Sources */ = {isa = PBXBuildFile; fileRef = 008C286C258EF91E0029C26F /* CartViewItemCell.swift */; };
		008C2870258F158A0029C26F /* CartViewCheckoutButton.swift in Sources */ = {isa = PBXBuildFile; fileRef = 008C286F258F158A0029C26F /* CartViewCheckoutButton.swift */; };
		008C2873258F207C0029C26F /* OrganizationView.swift in Sources */ = {isa = PBXBuildFile; fileRef = 008C2872258F207C0029C26F /* OrganizationView.swift */; };
		008DE0A3258AFADA005F6F8E /* NewWalletView.swift in Sources */ = {isa = PBXBuildFile; fileRef = 008DE0A2258AFADA005F6F8E /* NewWalletView.swift */; };
		008DE0A7258AFB58005F6F8E /* WalletSegmentedPicker.swift in Sources */ = {isa = PBXBuildFile; fileRef = 008DE0A6258AFB58005F6F8E /* WalletSegmentedPicker.swift */; };
		008DE0AC258B192B005F6F8E /* WalletToolBarMenu.swift in Sources */ = {isa = PBXBuildFile; fileRef = 008DE0AB258B192B005F6F8E /* WalletToolBarMenu.swift */; };
		008DE0AF258B1A1B005F6F8E /* WalletToolBar.swift in Sources */ = {isa = PBXBuildFile; fileRef = 008DE0AE258B1A1B005F6F8E /* WalletToolBar.swift */; };
		008DE0B2258B1D3A005F6F8E /* WalletCoinCell.swift in Sources */ = {isa = PBXBuildFile; fileRef = 008DE0B1258B1D3A005F6F8E /* WalletCoinCell.swift */; };
		008DE0B5258B26EE005F6F8E /* WalletHistoryCell.swift in Sources */ = {isa = PBXBuildFile; fileRef = 008DE0B4258B26EE005F6F8E /* WalletHistoryCell.swift */; };
		00ABA90E251FE780004FD55D /* NavBarView.swift in Sources */ = {isa = PBXBuildFile; fileRef = 00ABA90D251FE780004FD55D /* NavBarView.swift */; };
		00ABA913252028A8004FD55D /* NewEventView.swift in Sources */ = {isa = PBXBuildFile; fileRef = 00ABA912252028A8004FD55D /* NewEventView.swift */; };
		00F5C91225204F7F00FC20C0 /* EventTextField.swift in Sources */ = {isa = PBXBuildFile; fileRef = 00F5C91125204F7F00FC20C0 /* EventTextField.swift */; };
		00F5C9152520551D00FC20C0 /* EventDatePicker.swift in Sources */ = {isa = PBXBuildFile; fileRef = 00F5C9142520551D00FC20C0 /* EventDatePicker.swift */; };
		00F5C9182520654100FC20C0 /* EventDropDownPicker.swift in Sources */ = {isa = PBXBuildFile; fileRef = 00F5C9172520654100FC20C0 /* EventDropDownPicker.swift */; };
		635F213FFFBC8F8E5ABBE673 /* Pods_OpenMarketPlace_swift.framework in Frameworks */ = {isa = PBXBuildFile; fileRef = DAF59AC61A2835352AB721D2 /* Pods_OpenMarketPlace_swift.framework */; };
		67185AEB25203EE1008812DB /* CheckOutSubView.swift in Sources */ = {isa = PBXBuildFile; fileRef = 67185AEA25203EE1008812DB /* CheckOutSubView.swift */; };
		679CC471251E9E5000CDEF9E /* MarketplaceManager.swift in Sources */ = {isa = PBXBuildFile; fileRef = 679CC470251E9E5000CDEF9E /* MarketplaceManager.swift */; };
		679CC561251F1B8A00CDEF9E /* TransactionManager.swift in Sources */ = {isa = PBXBuildFile; fileRef = 679CC560251F1B8A00CDEF9E /* TransactionManager.swift */; };
		679CC564251F1BC000CDEF9E /* AppColors.swift in Sources */ = {isa = PBXBuildFile; fileRef = 679CC563251F1BC000CDEF9E /* AppColors.swift */; };
		679CC577251F1BD500CDEF9E /* Transaction.proto in Sources */ = {isa = PBXBuildFile; fileRef = 679CC568251F1BD500CDEF9E /* Transaction.proto */; };
		679CC578251F1BD500CDEF9E /* MarketPlace.proto in Sources */ = {isa = PBXBuildFile; fileRef = 679CC569251F1BD500CDEF9E /* MarketPlace.proto */; };
		679CC579251F1BD500CDEF9E /* StampEvent.proto in Sources */ = {isa = PBXBuildFile; fileRef = 679CC56A251F1BD500CDEF9E /* StampEvent.proto */; };
		679CC57A251F1BD500CDEF9E /* AccountService.proto in Sources */ = {isa = PBXBuildFile; fileRef = 679CC56B251F1BD500CDEF9E /* AccountService.proto */; };
		679CC57B251F1BD500CDEF9E /* Organization.proto in Sources */ = {isa = PBXBuildFile; fileRef = 679CC56C251F1BD500CDEF9E /* Organization.proto */; };
		679CC57D251F1BD500CDEF9E /* MarketPlace.pb.swift in Sources */ = {isa = PBXBuildFile; fileRef = 679CC56E251F1BD500CDEF9E /* MarketPlace.pb.swift */; };
		679CC57E251F1BD500CDEF9E /* AccountService.grpc.swift in Sources */ = {isa = PBXBuildFile; fileRef = 679CC56F251F1BD500CDEF9E /* AccountService.grpc.swift */; };
		679CC57F251F1BD500CDEF9E /* Organization.grpc.swift in Sources */ = {isa = PBXBuildFile; fileRef = 679CC570251F1BD500CDEF9E /* Organization.grpc.swift */; };
		679CC580251F1BD500CDEF9E /* Transaction.grpc.swift in Sources */ = {isa = PBXBuildFile; fileRef = 679CC571251F1BD500CDEF9E /* Transaction.grpc.swift */; };
		679CC581251F1BD500CDEF9E /* MarketPlace.grpc.swift in Sources */ = {isa = PBXBuildFile; fileRef = 679CC572251F1BD500CDEF9E /* MarketPlace.grpc.swift */; };
		679CC582251F1BD500CDEF9E /* Organization.pb.swift in Sources */ = {isa = PBXBuildFile; fileRef = 679CC573251F1BD500CDEF9E /* Organization.pb.swift */; };
		679CC584251F1BD500CDEF9E /* Transaction.pb.swift in Sources */ = {isa = PBXBuildFile; fileRef = 679CC575251F1BD500CDEF9E /* Transaction.pb.swift */; };
		679CC585251F1BD500CDEF9E /* AccountService.pb.swift in Sources */ = {isa = PBXBuildFile; fileRef = 679CC576251F1BD500CDEF9E /* AccountService.pb.swift */; };
		679CC58C251F1BFF00CDEF9E /* InfoView.swift in Sources */ = {isa = PBXBuildFile; fileRef = 679CC589251F1BFF00CDEF9E /* InfoView.swift */; };
		679CC58D251F1BFF00CDEF9E /* CoinView.swift in Sources */ = {isa = PBXBuildFile; fileRef = 679CC58A251F1BFF00CDEF9E /* CoinView.swift */; };
		679CC58E251F1BFF00CDEF9E /* WalletView.swift in Sources */ = {isa = PBXBuildFile; fileRef = 679CC58B251F1BFF00CDEF9E /* WalletView.swift */; };
		679CC592251FC26500CDEF9E /* Organization.swift in Sources */ = {isa = PBXBuildFile; fileRef = 679CC591251FC26500CDEF9E /* Organization.swift */; };
/* End PBXBuildFile section */

/* Begin PBXFileReference section */
		0008516525191F7700BFE2BE /* OpenMarketPlace-swift.app */ = {isa = PBXFileReference; explicitFileType = wrapper.application; includeInIndex = 0; path = "OpenMarketPlace-swift.app"; sourceTree = BUILT_PRODUCTS_DIR; };
		0008516825191F7700BFE2BE /* AppDelegate.swift */ = {isa = PBXFileReference; lastKnownFileType = sourcecode.swift; path = AppDelegate.swift; sourceTree = "<group>"; };
		0008516A25191F7700BFE2BE /* SceneDelegate.swift */ = {isa = PBXFileReference; lastKnownFileType = sourcecode.swift; path = SceneDelegate.swift; sourceTree = "<group>"; };
		0008516C25191F7700BFE2BE /* ContentView.swift */ = {isa = PBXFileReference; lastKnownFileType = sourcecode.swift; path = ContentView.swift; sourceTree = "<group>"; };
		0008516E25191F7900BFE2BE /* Assets.xcassets */ = {isa = PBXFileReference; lastKnownFileType = folder.assetcatalog; path = Assets.xcassets; sourceTree = "<group>"; };
		0008517125191F7900BFE2BE /* Preview Assets.xcassets */ = {isa = PBXFileReference; lastKnownFileType = folder.assetcatalog; path = "Preview Assets.xcassets"; sourceTree = "<group>"; };
		0008517425191F7900BFE2BE /* Base */ = {isa = PBXFileReference; lastKnownFileType = file.storyboard; name = Base; path = Base.lproj/LaunchScreen.storyboard; sourceTree = "<group>"; };
		0008517625191F7900BFE2BE /* Info.plist */ = {isa = PBXFileReference; lastKnownFileType = text.plist.xml; path = Info.plist; sourceTree = "<group>"; };
		0008518A2519250F00BFE2BE /* CartView.swift */ = {isa = PBXFileReference; lastKnownFileType = sourcecode.swift; path = CartView.swift; sourceTree = "<group>"; };
		0008518D251942FC00BFE2BE /* DetailView.swift */ = {isa = PBXFileReference; lastKnownFileType = sourcecode.swift; path = DetailView.swift; sourceTree = "<group>"; };
		0008519525196AD800BFE2BE /* ShopView.swift */ = {isa = PBXFileReference; lastKnownFileType = sourcecode.swift; path = ShopView.swift; sourceTree = "<group>"; };
		0008519B2519742C00BFE2BE /* Cart.swift */ = {isa = PBXFileReference; lastKnownFileType = sourcecode.swift; path = Cart.swift; sourceTree = "<group>"; };
		0008519F2519748B00BFE2BE /* Item.swift */ = {isa = PBXFileReference; lastKnownFileType = sourcecode.swift; path = Item.swift; sourceTree = "<group>"; };
		000CF5FE251ADDB500EAAEED /* CheckoutView.swift */ = {isa = PBXFileReference; lastKnownFileType = sourcecode.swift; path = CheckoutView.swift; sourceTree = "<group>"; };
		000CF601251AE4FA00EAAEED /* ColorExtension.swift */ = {isa = PBXFileReference; lastKnownFileType = sourcecode.swift; path = ColorExtension.swift; sourceTree = "<group>"; };
		000CF605251AFF4F00EAAEED /* CheckoutButton.swift */ = {isa = PBXFileReference; lastKnownFileType = sourcecode.swift; path = CheckoutButton.swift; sourceTree = "<group>"; };
		000CF60A251B014800EAAEED /* DetailButton.swift */ = {isa = PBXFileReference; lastKnownFileType = sourcecode.swift; path = DetailButton.swift; sourceTree = "<group>"; };
		000CF60D251B03FD00EAAEED /* ContinueToShopButton.swift */ = {isa = PBXFileReference; lastKnownFileType = sourcecode.swift; path = ContinueToShopButton.swift; sourceTree = "<group>"; };
		000CF61C251B25FC00EAAEED /* ImageSlideView.swift */ = {isa = PBXFileReference; fileEncoding = 4; lastKnownFileType = sourcecode.swift; name = ImageSlideView.swift; path = "OpenMarketPlace-swift/View/home/ImageSlideView.swift"; sourceTree = SOURCE_ROOT; };
		000CF61D251B25FC00EAAEED /* HomeView.swift */ = {isa = PBXFileReference; fileEncoding = 4; lastKnownFileType = sourcecode.swift; name = HomeView.swift; path = "OpenMarketPlace-swift/View/home/HomeView.swift"; sourceTree = SOURCE_ROOT; };
		000CF61E251B25FC00EAAEED /* TrendingRow.swift */ = {isa = PBXFileReference; fileEncoding = 4; lastKnownFileType = sourcecode.swift; name = TrendingRow.swift; path = "OpenMarketPlace-swift/View/home/TrendingRow.swift"; sourceTree = SOURCE_ROOT; };
		000CF625251B261700EAAEED /* ItemDetailView.swift */ = {isa = PBXFileReference; fileEncoding = 4; lastKnownFileType = sourcecode.swift; path = ItemDetailView.swift; sourceTree = "<group>"; };
		000CF626251B261700EAAEED /* ItemDescriptionAndSeller.swift */ = {isa = PBXFileReference; fileEncoding = 4; lastKnownFileType = sourcecode.swift; path = ItemDescriptionAndSeller.swift; sourceTree = "<group>"; };
		000CF627251B261700EAAEED /* ItemList.swift */ = {isa = PBXFileReference; fileEncoding = 4; lastKnownFileType = sourcecode.swift; path = ItemList.swift; sourceTree = "<group>"; };
		000CF62E251B262600EAAEED /* ProfileView.swift */ = {isa = PBXFileReference; fileEncoding = 4; lastKnownFileType = sourcecode.swift; path = ProfileView.swift; sourceTree = "<group>"; };
		000CF62F251B262600EAAEED /* OrgMinView.swift */ = {isa = PBXFileReference; fileEncoding = 4; lastKnownFileType = sourcecode.swift; path = OrgMinView.swift; sourceTree = "<group>"; };
		000CF631251B262600EAAEED /* OrganizationStore.swift */ = {isa = PBXFileReference; fileEncoding = 4; lastKnownFileType = sourcecode.swift; path = OrganizationStore.swift; sourceTree = "<group>"; };
		000CF633251B262600EAAEED /* LoginView.swift */ = {isa = PBXFileReference; fileEncoding = 4; lastKnownFileType = sourcecode.swift; path = LoginView.swift; sourceTree = "<group>"; };
		000CF643251D4CC600EAAEED /* QRView.swift */ = {isa = PBXFileReference; lastKnownFileType = sourcecode.swift; path = QRView.swift; sourceTree = "<group>"; };
		000CF67A251D5C8600EAAEED /* EventView.swift */ = {isa = PBXFileReference; lastKnownFileType = sourcecode.swift; path = EventView.swift; sourceTree = "<group>"; };
		000CF684251D6E0500EAAEED /* EventManager.swift */ = {isa = PBXFileReference; lastKnownFileType = sourcecode.swift; path = EventManager.swift; sourceTree = "<group>"; };
		0022AD1525897FE90086861C /* CurrencyPickerItem.swift */ = {isa = PBXFileReference; lastKnownFileType = sourcecode.swift; path = CurrencyPickerItem.swift; sourceTree = "<group>"; };
		0022AD232589AE070086861C /* EventViewCell.swift */ = {isa = PBXFileReference; lastKnownFileType = sourcecode.swift; path = EventViewCell.swift; sourceTree = "<group>"; };
		0022AD2A2589CAD80086861C /* StringExtension.swift */ = {isa = PBXFileReference; lastKnownFileType = sourcecode.swift; path = StringExtension.swift; sourceTree = "<group>"; };
		0022AD2D2589D2F90086861C /* StampEvent.pb.swift */ = {isa = PBXFileReference; fileEncoding = 4; lastKnownFileType = sourcecode.swift; path = StampEvent.pb.swift; sourceTree = "<group>"; };
		0022AD2E2589D2F90086861C /* StampEvent.grpc.swift */ = {isa = PBXFileReference; fileEncoding = 4; lastKnownFileType = sourcecode.swift; path = StampEvent.grpc.swift; sourceTree = "<group>"; };
		0022AD342589D8FA0086861C /* DateExtension.swift */ = {isa = PBXFileReference; lastKnownFileType = sourcecode.swift; path = DateExtension.swift; sourceTree = "<group>"; };
		0022AD37258AA26A0086861C /* GeneratedQRView.swift */ = {isa = PBXFileReference; lastKnownFileType = sourcecode.swift; path = GeneratedQRView.swift; sourceTree = "<group>"; };
		0047050D251D822E00BE9E6B /* AuthManager.swift */ = {isa = PBXFileReference; lastKnownFileType = sourcecode.swift; path = AuthManager.swift; sourceTree = "<group>"; };
		0047051A251D8C5400BE9E6B /* Constants.swift */ = {isa = PBXFileReference; lastKnownFileType = sourcecode.swift; path = Constants.swift; sourceTree = "<group>"; };
		0047052C251D9EEF00BE9E6B /* User.swift */ = {isa = PBXFileReference; lastKnownFileType = sourcecode.swift; path = User.swift; sourceTree = "<group>"; };
		0047055C251DB13700BE9E6B /* GeneralTextField.swift */ = {isa = PBXFileReference; lastKnownFileType = sourcecode.swift; path = GeneralTextField.swift; sourceTree = "<group>"; };
		0047055F251DB1FE00BE9E6B /* LoginButton.swift */ = {isa = PBXFileReference; lastKnownFileType = sourcecode.swift; path = LoginButton.swift; sourceTree = "<group>"; };
		00470562251DB61800BE9E6B /* OMError.swift */ = {isa = PBXFileReference; lastKnownFileType = sourcecode.swift; path = OMError.swift; sourceTree = "<group>"; };
		00470565251DBA1B00BE9E6B /* RegistrationView.swift */ = {isa = PBXFileReference; lastKnownFileType = sourcecode.swift; path = RegistrationView.swift; sourceTree = "<group>"; };
		0047056E251DBD6100BE9E6B /* KeyboardHeightPublisher.swift */ = {isa = PBXFileReference; fileEncoding = 4; lastKnownFileType = sourcecode.swift; path = KeyboardHeightPublisher.swift; sourceTree = "<group>"; };
		0047056F251DBD6100BE9E6B /* KeyboardAdaptive.swift */ = {isa = PBXFileReference; fileEncoding = 4; lastKnownFileType = sourcecode.swift; path = KeyboardAdaptive.swift; sourceTree = "<group>"; };
		00470570251DBD6200BE9E6B /* UIResponder.swift */ = {isa = PBXFileReference; fileEncoding = 4; lastKnownFileType = sourcecode.swift; path = UIResponder.swift; sourceTree = "<group>"; };
		00470576251E736800BE9E6B /* TabBarView.swift */ = {isa = PBXFileReference; lastKnownFileType = sourcecode.swift; path = TabBarView.swift; sourceTree = "<group>"; };
		0047057B251E755900BE9E6B /* SessionManager.swift */ = {isa = PBXFileReference; lastKnownFileType = sourcecode.swift; path = SessionManager.swift; sourceTree = "<group>"; };
		0047059C251E84A700BE9E6B /* AlertType.swift */ = {isa = PBXFileReference; lastKnownFileType = sourcecode.swift; path = AlertType.swift; sourceTree = "<group>"; };
		004705AB251E8BBE00BE9E6B /* EventDetailView.swift */ = {isa = PBXFileReference; lastKnownFileType = sourcecode.swift; path = EventDetailView.swift; sourceTree = "<group>"; };
		004AC4D7251AA3EC00E0EA33 /* CartManager.swift */ = {isa = PBXFileReference; lastKnownFileType = sourcecode.swift; path = CartManager.swift; sourceTree = "<group>"; };
		004AC4E8251ABD1C00E0EA33 /* GeneralButton.swift */ = {isa = PBXFileReference; lastKnownFileType = sourcecode.swift; path = GeneralButton.swift; sourceTree = "<group>"; };
		00545AA72596B36600F92AE2 /* NewsFeed.pb.swift */ = {isa = PBXFileReference; fileEncoding = 4; lastKnownFileType = sourcecode.swift; path = NewsFeed.pb.swift; sourceTree = "<group>"; };
		00545AAA2596B3BF00F92AE2 /* GeneralBackButton.swift */ = {isa = PBXFileReference; fileEncoding = 4; lastKnownFileType = sourcecode.swift; path = GeneralBackButton.swift; sourceTree = "<group>"; };
		00545AAE2596B3E000F92AE2 /* NewsFeedManager.swift */ = {isa = PBXFileReference; fileEncoding = 4; lastKnownFileType = sourcecode.swift; path = NewsFeedManager.swift; sourceTree = "<group>"; };
		00545AB22596B40B00F92AE2 /* OrgTitleBar.swift */ = {isa = PBXFileReference; fileEncoding = 4; lastKnownFileType = sourcecode.swift; path = OrgTitleBar.swift; sourceTree = "<group>"; };
		00545AB32596B40B00F92AE2 /* OrgEventsBar.swift */ = {isa = PBXFileReference; fileEncoding = 4; lastKnownFileType = sourcecode.swift; path = OrgEventsBar.swift; sourceTree = "<group>"; };
		00545AB42596B40B00F92AE2 /* OrgNavLink.swift */ = {isa = PBXFileReference; fileEncoding = 4; lastKnownFileType = sourcecode.swift; path = OrgNavLink.swift; sourceTree = "<group>"; };
		00545AB52596B40B00F92AE2 /* OrgItemGrid.swift */ = {isa = PBXFileReference; fileEncoding = 4; lastKnownFileType = sourcecode.swift; path = OrgItemGrid.swift; sourceTree = "<group>"; };
		00545AB62596B40B00F92AE2 /* OrgEventCell.swift */ = {isa = PBXFileReference; fileEncoding = 4; lastKnownFileType = sourcecode.swift; path = OrgEventCell.swift; sourceTree = "<group>"; };
		00545ABD2596B49700F92AE2 /* NewsFeed.grpc.swift */ = {isa = PBXFileReference; fileEncoding = 4; lastKnownFileType = sourcecode.swift; path = NewsFeed.grpc.swift; sourceTree = "<group>"; };
		008C27EA258C23240029C26F /* WalletTopBar.swift */ = {isa = PBXFileReference; lastKnownFileType = sourcecode.swift; path = WalletTopBar.swift; sourceTree = "<group>"; };
		008C27FF258C45CE0029C26F /* HomePageSearchBar.swift */ = {isa = PBXFileReference; lastKnownFileType = sourcecode.swift; path = HomePageSearchBar.swift; sourceTree = "<group>"; };
		008C2802258C463A0029C26F /* HomePageSearchTextField.swift */ = {isa = PBXFileReference; lastKnownFileType = sourcecode.swift; path = HomePageSearchTextField.swift; sourceTree = "<group>"; };
		008C2805258C4E620029C26F /* HomeViewSlider.swift */ = {isa = PBXFileReference; lastKnownFileType = sourcecode.swift; path = HomeViewSlider.swift; sourceTree = "<group>"; };
		008C2808258C62540029C26F /* ItemViewButton.swift */ = {isa = PBXFileReference; lastKnownFileType = sourcecode.swift; path = ItemViewButton.swift; sourceTree = "<group>"; };
		008C280B258C64240029C26F /* PosterItemContainer.swift */ = {isa = PBXFileReference; lastKnownFileType = sourcecode.swift; path = PosterItemContainer.swift; sourceTree = "<group>"; };
		008C280E258C6B580029C26F /* ShopPoster.swift */ = {isa = PBXFileReference; lastKnownFileType = sourcecode.swift; path = ShopPoster.swift; sourceTree = "<group>"; };
		008C2815258C88350029C26F /* ItemViewQuantityPicker.swift */ = {isa = PBXFileReference; lastKnownFileType = sourcecode.swift; path = ItemViewQuantityPicker.swift; sourceTree = "<group>"; };
		008C2819258D5D0C0029C26F /* HomeViewNavBoardButton.swift */ = {isa = PBXFileReference; lastKnownFileType = sourcecode.swift; path = HomeViewNavBoardButton.swift; sourceTree = "<group>"; };
		008C2820258D629C0029C26F /* HomeViewNavBoard.swift */ = {isa = PBXFileReference; lastKnownFileType = sourcecode.swift; path = HomeViewNavBoard.swift; sourceTree = "<group>"; };
		008C283D258DC5760029C26F /* HomeViewItemCell.swift */ = {isa = PBXFileReference; lastKnownFileType = sourcecode.swift; path = HomeViewItemCell.swift; sourceTree = "<group>"; };
		008C2849258EAF160029C26F /* ScrollViewWithRefresh.swift */ = {isa = PBXFileReference; lastKnownFileType = sourcecode.swift; path = ScrollViewWithRefresh.swift; sourceTree = "<group>"; };
		008C2852258EC5F50029C26F /* ItemView.swift */ = {isa = PBXFileReference; lastKnownFileType = sourcecode.swift; path = ItemView.swift; sourceTree = "<group>"; };
		008C2855258ECE4A0029C26F /* ItemDetailViewInfo.swift */ = {isa = PBXFileReference; lastKnownFileType = sourcecode.swift; path = ItemDetailViewInfo.swift; sourceTree = "<group>"; };
		008C2859258ED42D0029C26F /* ExDivider.swift */ = {isa = PBXFileReference; lastKnownFileType = sourcecode.swift; path = ExDivider.swift; sourceTree = "<group>"; };
		008C285C258ED91E0029C26F /* ItemDetailViewDetailBox.swift */ = {isa = PBXFileReference; lastKnownFileType = sourcecode.swift; path = ItemDetailViewDetailBox.swift; sourceTree = "<group>"; };
		008C285F258ED9EB0029C26F /* ItemDetailViewCartButtons.swift */ = {isa = PBXFileReference; lastKnownFileType = sourcecode.swift; path = ItemDetailViewCartButtons.swift; sourceTree = "<group>"; };
		008C2864258EF3910029C26F /* NewCartView.swift */ = {isa = PBXFileReference; lastKnownFileType = sourcecode.swift; path = NewCartView.swift; sourceTree = "<group>"; };
		008C2868258EF7120029C26F /* CartViewOrgCell.swift */ = {isa = PBXFileReference; lastKnownFileType = sourcecode.swift; path = CartViewOrgCell.swift; sourceTree = "<group>"; };
		008C286C258EF91E0029C26F /* CartViewItemCell.swift */ = {isa = PBXFileReference; lastKnownFileType = sourcecode.swift; path = CartViewItemCell.swift; sourceTree = "<group>"; };
		008C286F258F158A0029C26F /* CartViewCheckoutButton.swift */ = {isa = PBXFileReference; lastKnownFileType = sourcecode.swift; path = CartViewCheckoutButton.swift; sourceTree = "<group>"; };
		008C2872258F207C0029C26F /* OrganizationView.swift */ = {isa = PBXFileReference; lastKnownFileType = sourcecode.swift; path = OrganizationView.swift; sourceTree = "<group>"; };
		008DE0A2258AFADA005F6F8E /* NewWalletView.swift */ = {isa = PBXFileReference; lastKnownFileType = sourcecode.swift; path = NewWalletView.swift; sourceTree = "<group>"; };
		008DE0A6258AFB58005F6F8E /* WalletSegmentedPicker.swift */ = {isa = PBXFileReference; lastKnownFileType = sourcecode.swift; path = WalletSegmentedPicker.swift; sourceTree = "<group>"; };
		008DE0AB258B192B005F6F8E /* WalletToolBarMenu.swift */ = {isa = PBXFileReference; lastKnownFileType = sourcecode.swift; path = WalletToolBarMenu.swift; sourceTree = "<group>"; };
		008DE0AE258B1A1B005F6F8E /* WalletToolBar.swift */ = {isa = PBXFileReference; lastKnownFileType = sourcecode.swift; path = WalletToolBar.swift; sourceTree = "<group>"; };
		008DE0B1258B1D3A005F6F8E /* WalletCoinCell.swift */ = {isa = PBXFileReference; lastKnownFileType = sourcecode.swift; path = WalletCoinCell.swift; sourceTree = "<group>"; };
		008DE0B4258B26EE005F6F8E /* WalletHistoryCell.swift */ = {isa = PBXFileReference; lastKnownFileType = sourcecode.swift; path = WalletHistoryCell.swift; sourceTree = "<group>"; };
		00ABA90D251FE780004FD55D /* NavBarView.swift */ = {isa = PBXFileReference; lastKnownFileType = sourcecode.swift; path = NavBarView.swift; sourceTree = "<group>"; };
		00ABA912252028A8004FD55D /* NewEventView.swift */ = {isa = PBXFileReference; lastKnownFileType = sourcecode.swift; path = NewEventView.swift; sourceTree = "<group>"; };
		00F5C91125204F7F00FC20C0 /* EventTextField.swift */ = {isa = PBXFileReference; lastKnownFileType = sourcecode.swift; path = EventTextField.swift; sourceTree = "<group>"; };
		00F5C9142520551D00FC20C0 /* EventDatePicker.swift */ = {isa = PBXFileReference; lastKnownFileType = sourcecode.swift; path = EventDatePicker.swift; sourceTree = "<group>"; };
		00F5C9172520654100FC20C0 /* EventDropDownPicker.swift */ = {isa = PBXFileReference; lastKnownFileType = sourcecode.swift; path = EventDropDownPicker.swift; sourceTree = "<group>"; };
		67185AEA25203EE1008812DB /* CheckOutSubView.swift */ = {isa = PBXFileReference; lastKnownFileType = sourcecode.swift; path = CheckOutSubView.swift; sourceTree = "<group>"; };
		679CC470251E9E5000CDEF9E /* MarketplaceManager.swift */ = {isa = PBXFileReference; lastKnownFileType = sourcecode.swift; path = MarketplaceManager.swift; sourceTree = "<group>"; };
		679CC560251F1B8A00CDEF9E /* TransactionManager.swift */ = {isa = PBXFileReference; fileEncoding = 4; lastKnownFileType = sourcecode.swift; path = TransactionManager.swift; sourceTree = "<group>"; };
		679CC563251F1BC000CDEF9E /* AppColors.swift */ = {isa = PBXFileReference; fileEncoding = 4; lastKnownFileType = sourcecode.swift; path = AppColors.swift; sourceTree = "<group>"; };
		679CC568251F1BD500CDEF9E /* Transaction.proto */ = {isa = PBXFileReference; fileEncoding = 4; lastKnownFileType = sourcecode.protobuf; path = Transaction.proto; sourceTree = "<group>"; };
		679CC569251F1BD500CDEF9E /* MarketPlace.proto */ = {isa = PBXFileReference; fileEncoding = 4; lastKnownFileType = sourcecode.protobuf; path = MarketPlace.proto; sourceTree = "<group>"; };
		679CC56A251F1BD500CDEF9E /* StampEvent.proto */ = {isa = PBXFileReference; fileEncoding = 4; lastKnownFileType = sourcecode.protobuf; path = StampEvent.proto; sourceTree = "<group>"; };
		679CC56B251F1BD500CDEF9E /* AccountService.proto */ = {isa = PBXFileReference; fileEncoding = 4; lastKnownFileType = sourcecode.protobuf; path = AccountService.proto; sourceTree = "<group>"; };
		679CC56C251F1BD500CDEF9E /* Organization.proto */ = {isa = PBXFileReference; fileEncoding = 4; lastKnownFileType = sourcecode.protobuf; path = Organization.proto; sourceTree = "<group>"; };
		679CC56E251F1BD500CDEF9E /* MarketPlace.pb.swift */ = {isa = PBXFileReference; fileEncoding = 4; lastKnownFileType = sourcecode.swift; path = MarketPlace.pb.swift; sourceTree = "<group>"; };
		679CC56F251F1BD500CDEF9E /* AccountService.grpc.swift */ = {isa = PBXFileReference; fileEncoding = 4; lastKnownFileType = sourcecode.swift; path = AccountService.grpc.swift; sourceTree = "<group>"; };
		679CC570251F1BD500CDEF9E /* Organization.grpc.swift */ = {isa = PBXFileReference; fileEncoding = 4; lastKnownFileType = sourcecode.swift; path = Organization.grpc.swift; sourceTree = "<group>"; };
		679CC571251F1BD500CDEF9E /* Transaction.grpc.swift */ = {isa = PBXFileReference; fileEncoding = 4; lastKnownFileType = sourcecode.swift; path = Transaction.grpc.swift; sourceTree = "<group>"; };
		679CC572251F1BD500CDEF9E /* MarketPlace.grpc.swift */ = {isa = PBXFileReference; fileEncoding = 4; lastKnownFileType = sourcecode.swift; path = MarketPlace.grpc.swift; sourceTree = "<group>"; };
		679CC573251F1BD500CDEF9E /* Organization.pb.swift */ = {isa = PBXFileReference; fileEncoding = 4; lastKnownFileType = sourcecode.swift; path = Organization.pb.swift; sourceTree = "<group>"; };
		679CC575251F1BD500CDEF9E /* Transaction.pb.swift */ = {isa = PBXFileReference; fileEncoding = 4; lastKnownFileType = sourcecode.swift; path = Transaction.pb.swift; sourceTree = "<group>"; };
		679CC576251F1BD500CDEF9E /* AccountService.pb.swift */ = {isa = PBXFileReference; fileEncoding = 4; lastKnownFileType = sourcecode.swift; path = AccountService.pb.swift; sourceTree = "<group>"; };
		679CC589251F1BFF00CDEF9E /* InfoView.swift */ = {isa = PBXFileReference; fileEncoding = 4; lastKnownFileType = sourcecode.swift; path = InfoView.swift; sourceTree = "<group>"; };
		679CC58A251F1BFF00CDEF9E /* CoinView.swift */ = {isa = PBXFileReference; fileEncoding = 4; lastKnownFileType = sourcecode.swift; path = CoinView.swift; sourceTree = "<group>"; };
		679CC58B251F1BFF00CDEF9E /* WalletView.swift */ = {isa = PBXFileReference; fileEncoding = 4; lastKnownFileType = sourcecode.swift; path = WalletView.swift; sourceTree = "<group>"; };
		679CC591251FC26500CDEF9E /* Organization.swift */ = {isa = PBXFileReference; fileEncoding = 4; lastKnownFileType = sourcecode.swift; path = Organization.swift; sourceTree = "<group>"; };
		6B5C11D769E898BD972E5E0D /* Pods-OpenMarketPlace-swift.release.xcconfig */ = {isa = PBXFileReference; includeInIndex = 1; lastKnownFileType = text.xcconfig; name = "Pods-OpenMarketPlace-swift.release.xcconfig"; path = "Target Support Files/Pods-OpenMarketPlace-swift/Pods-OpenMarketPlace-swift.release.xcconfig"; sourceTree = "<group>"; };
		D7A15A8D78960472C131A27F /* Pods-OpenMarketPlace-swift.debug.xcconfig */ = {isa = PBXFileReference; includeInIndex = 1; lastKnownFileType = text.xcconfig; name = "Pods-OpenMarketPlace-swift.debug.xcconfig"; path = "Target Support Files/Pods-OpenMarketPlace-swift/Pods-OpenMarketPlace-swift.debug.xcconfig"; sourceTree = "<group>"; };
		DAF59AC61A2835352AB721D2 /* Pods_OpenMarketPlace_swift.framework */ = {isa = PBXFileReference; explicitFileType = wrapper.framework; includeInIndex = 0; path = Pods_OpenMarketPlace_swift.framework; sourceTree = BUILT_PRODUCTS_DIR; };
/* End PBXFileReference section */

/* Begin PBXFrameworksBuildPhase section */
		0008516225191F7700BFE2BE /* Frameworks */ = {
			isa = PBXFrameworksBuildPhase;
			buildActionMask = 2147483647;
			files = (
				0022AD202589AA9C0086861C /* SwipeableView in Frameworks */,
				008C27E6258C17AC0029C26F /* BottomSheet-SwiftUI in Frameworks */,
				008C283B258DB7E90029C26F /* Grid in Frameworks */,
				000CF678251D56B700EAAEED /* CodeScanner in Frameworks */,
				635F213FFFBC8F8E5ABBE673 /* Pods_OpenMarketPlace_swift.framework in Frameworks */,
			);
			runOnlyForDeploymentPostprocessing = 0;
		};
/* End PBXFrameworksBuildPhase section */

/* Begin PBXGroup section */
		0008515C25191F7700BFE2BE = {
			isa = PBXGroup;
			children = (
				0008516725191F7700BFE2BE /* OpenMarketPlace-swift */,
				0008516625191F7700BFE2BE /* Products */,
				F8CDF7311A43AECD17972038 /* Pods */,
				F8B2AD9E84575D416ACC7BE0 /* Frameworks */,
			);
			sourceTree = "<group>";
		};
		0008516625191F7700BFE2BE /* Products */ = {
			isa = PBXGroup;
			children = (
				0008516525191F7700BFE2BE /* OpenMarketPlace-swift.app */,
			);
			name = Products;
			sourceTree = "<group>";
		};
		0008516725191F7700BFE2BE /* OpenMarketPlace-swift */ = {
			isa = PBXGroup;
			children = (
				0047051E251D8D2A00BE9E6B /* Manager */,
				000CF611251B1C2500EAAEED /* Extensions */,
				00085180251920C400BFE2BE /* Model */,
				0008517F251920BA00BFE2BE /* View */,
				0008516825191F7700BFE2BE /* AppDelegate.swift */,
				0008516A25191F7700BFE2BE /* SceneDelegate.swift */,
				0008516E25191F7900BFE2BE /* Assets.xcassets */,
				0008517325191F7900BFE2BE /* LaunchScreen.storyboard */,
				0008517625191F7900BFE2BE /* Info.plist */,
				0008517025191F7900BFE2BE /* Preview Content */,
			);
			path = "OpenMarketPlace-swift";
			sourceTree = "<group>";
		};
		0008517025191F7900BFE2BE /* Preview Content */ = {
			isa = PBXGroup;
			children = (
				0008517125191F7900BFE2BE /* Preview Assets.xcassets */,
			);
			path = "Preview Content";
			sourceTree = "<group>";
		};
		0008517F251920BA00BFE2BE /* View */ = {
			isa = PBXGroup;
			children = (
				0022AD43258AE4A00086861C /* Components */,
				679CC588251F1BFF00CDEF9E /* Wallet */,
				00470575251E733700BE9E6B /* TabBarView */,
				00470568251DBA2300BE9E6B /* Register */,
				000CF642251D4CAA00EAAEED /* Event */,
				000CF632251B262600EAAEED /* Login */,
				000CF630251B262600EAAEED /* Organization */,
				000CF62D251B262600EAAEED /* Profile */,
				000CF623251B261700EAAEED /* ItemDetail */,
				000CF61B251B25E000EAAEED /* Home */,
				004AC4DA251AB30A00E0EA33 /* Checkout */,
				0008519825196CF700BFE2BE /* Shop */,
				000851932519470C00BFE2BE /* Cart */,
				0008516C25191F7700BFE2BE /* ContentView.swift */,
			);
			path = View;
			sourceTree = "<group>";
		};
		00085180251920C400BFE2BE /* Model */ = {
			isa = PBXGroup;
			children = (
				008DE0AA258B1912005F6F8E /* Shared */,
				679CC594251FC27E00CDEF9E /* Organization */,
				679CC566251F1BD500CDEF9E /* GRPC */,
				0047059B251E849C00BE9E6B /* AlertType */,
				00470580251E7BC000BE9E6B /* Error */,
				00470519251D8C4900BE9E6B /* Config */,
				0008519A2519741B00BFE2BE /* Cart */,
			);
			path = Model;
			sourceTree = "<group>";
		};
		000851932519470C00BFE2BE /* Cart */ = {
			isa = PBXGroup;
			children = (
				008C2867258EF6FC0029C26F /* Component */,
				000CF608251AFF7E00EAAEED /* Buttons */,
				0008518A2519250F00BFE2BE /* CartView.swift */,
				0008518D251942FC00BFE2BE /* DetailView.swift */,
				008C2864258EF3910029C26F /* NewCartView.swift */,
			);
			path = Cart;
			sourceTree = "<group>";
		};
		0008519825196CF700BFE2BE /* Shop */ = {
			isa = PBXGroup;
			children = (
				008C2851258EC5E80029C26F /* Subview */,
				008C27F0258C300C0029C26F /* Component */,
				0008519525196AD800BFE2BE /* ShopView.swift */,
			);
			path = Shop;
			sourceTree = "<group>";
		};
		0008519A2519741B00BFE2BE /* Cart */ = {
			isa = PBXGroup;
			children = (
				0008519B2519742C00BFE2BE /* Cart.swift */,
				0008519F2519748B00BFE2BE /* Item.swift */,
			);
			path = Cart;
			sourceTree = "<group>";
		};
		000CF608251AFF7E00EAAEED /* Buttons */ = {
			isa = PBXGroup;
			children = (
				000CF605251AFF4F00EAAEED /* CheckoutButton.swift */,
				000CF60A251B014800EAAEED /* DetailButton.swift */,
				000CF60D251B03FD00EAAEED /* ContinueToShopButton.swift */,
			);
			path = Buttons;
			sourceTree = "<group>";
		};
		000CF611251B1C2500EAAEED /* Extensions */ = {
			isa = PBXGroup;
			children = (
				000CF601251AE4FA00EAAEED /* ColorExtension.swift */,
				0047056F251DBD6100BE9E6B /* KeyboardAdaptive.swift */,
				0047056E251DBD6100BE9E6B /* KeyboardHeightPublisher.swift */,
				00470570251DBD6200BE9E6B /* UIResponder.swift */,
				0022AD2A2589CAD80086861C /* StringExtension.swift */,
				0022AD342589D8FA0086861C /* DateExtension.swift */,
			);
			path = Extensions;
			sourceTree = "<group>";
		};
		000CF61B251B25E000EAAEED /* Home */ = {
			isa = PBXGroup;
			children = (
				000CF61D251B25FC00EAAEED /* HomeView.swift */,
				000CF61C251B25FC00EAAEED /* ImageSlideView.swift */,
				000CF61E251B25FC00EAAEED /* TrendingRow.swift */,
			);
			path = Home;
			sourceTree = "<group>";
		};
		000CF623251B261700EAAEED /* ItemDetail */ = {
			isa = PBXGroup;
			children = (
				000CF625251B261700EAAEED /* ItemDetailView.swift */,
				000CF626251B261700EAAEED /* ItemDescriptionAndSeller.swift */,
				000CF627251B261700EAAEED /* ItemList.swift */,
			);
			path = ItemDetail;
			sourceTree = "<group>";
		};
		000CF62D251B262600EAAEED /* Profile */ = {
			isa = PBXGroup;
			children = (
				000CF62E251B262600EAAEED /* ProfileView.swift */,
				000CF62F251B262600EAAEED /* OrgMinView.swift */,
			);
			path = Profile;
			sourceTree = "<group>";
		};
		000CF630251B262600EAAEED /* Organization */ = {
			isa = PBXGroup;
			children = (
				00545AB12596B40B00F92AE2 /* Component */,
				000CF631251B262600EAAEED /* OrganizationStore.swift */,
				008C2872258F207C0029C26F /* OrganizationView.swift */,
			);
			path = Organization;
			sourceTree = "<group>";
		};
		000CF632251B262600EAAEED /* Login */ = {
			isa = PBXGroup;
			children = (
				000CF633251B262600EAAEED /* LoginView.swift */,
				0047055F251DB1FE00BE9E6B /* LoginButton.swift */,
			);
			path = Login;
			sourceTree = "<group>";
		};
		000CF642251D4CAA00EAAEED /* Event */ = {
			isa = PBXGroup;
			children = (
				0022AD3F258AE0930086861C /* SubViews */,
				0022AD3E258AE06F0086861C /* Components */,
				000CF67A251D5C8600EAAEED /* EventView.swift */,
			);
			path = Event;
			sourceTree = "<group>";
		};
		000CF687251D6E0900EAAEED /* Event */ = {
			isa = PBXGroup;
			children = (
				000CF684251D6E0500EAAEED /* EventManager.swift */,
			);
			path = Event;
			sourceTree = "<group>";
		};
		0022AD3E258AE06F0086861C /* Components */ = {
			isa = PBXGroup;
			children = (
				00F5C9172520654100FC20C0 /* EventDropDownPicker.swift */,
				00F5C91125204F7F00FC20C0 /* EventTextField.swift */,
				00F5C9142520551D00FC20C0 /* EventDatePicker.swift */,
				0022AD1525897FE90086861C /* CurrencyPickerItem.swift */,
				0022AD232589AE070086861C /* EventViewCell.swift */,
			);
			path = Components;
			sourceTree = "<group>";
		};
		0022AD3F258AE0930086861C /* SubViews */ = {
			isa = PBXGroup;
			children = (
				000CF643251D4CC600EAAEED /* QRView.swift */,
				004705AB251E8BBE00BE9E6B /* EventDetailView.swift */,
				00ABA912252028A8004FD55D /* NewEventView.swift */,
				0022AD37258AA26A0086861C /* GeneratedQRView.swift */,
			);
			path = SubViews;
			sourceTree = "<group>";
		};
		0022AD43258AE4A00086861C /* Components */ = {
			isa = PBXGroup;
			children = (
				008C2858258ED4240029C26F /* Divider */,
				008C27F5258C312D0029C26F /* ScrollView */,
				0022AD49258AE5750086861C /* TextField */,
				0022AD46258AE4E10086861C /* Button */,
			);
			path = Components;
			sourceTree = "<group>";
		};
		0022AD46258AE4E10086861C /* Button */ = {
			isa = PBXGroup;
			children = (
				00545AAA2596B3BF00F92AE2 /* GeneralBackButton.swift */,
				004AC4E8251ABD1C00E0EA33 /* GeneralButton.swift */,
			);
			path = Button;
			sourceTree = "<group>";
		};
		0022AD49258AE5750086861C /* TextField */ = {
			isa = PBXGroup;
			children = (
				0047055C251DB13700BE9E6B /* GeneralTextField.swift */,
			);
			path = TextField;
			sourceTree = "<group>";
		};
		0047050C251D822200BE9E6B /* Auth */ = {
			isa = PBXGroup;
			children = (
				0047050D251D822E00BE9E6B /* AuthManager.swift */,
				0047052C251D9EEF00BE9E6B /* User.swift */,
			);
			path = Auth;
			sourceTree = "<group>";
		};
		00470519251D8C4900BE9E6B /* Config */ = {
			isa = PBXGroup;
			children = (
				679CC563251F1BC000CDEF9E /* AppColors.swift */,
				0047051A251D8C5400BE9E6B /* Constants.swift */,
			);
			path = Config;
			sourceTree = "<group>";
		};
		0047051E251D8D2A00BE9E6B /* Manager */ = {
			isa = PBXGroup;
			children = (
				00545AAD2596B3E000F92AE2 /* NewsFeed */,
				679CC55F251F1B8A00CDEF9E /* Transaction */,
				679CC479251EFA7D00CDEF9E /* Cart */,
				679CC46F251E9E2800CDEF9E /* MarketPlaceManager */,
				0047057A251E754900BE9E6B /* Session */,
				0047050C251D822200BE9E6B /* Auth */,
				000CF687251D6E0900EAAEED /* Event */,
			);
			path = Manager;
			sourceTree = "<group>";
		};
		00470568251DBA2300BE9E6B /* Register */ = {
			isa = PBXGroup;
			children = (
				00470565251DBA1B00BE9E6B /* RegistrationView.swift */,
			);
			path = Register;
			sourceTree = "<group>";
		};
		00470575251E733700BE9E6B /* TabBarView */ = {
			isa = PBXGroup;
			children = (
				00470576251E736800BE9E6B /* TabBarView.swift */,
			);
			path = TabBarView;
			sourceTree = "<group>";
		};
		0047057A251E754900BE9E6B /* Session */ = {
			isa = PBXGroup;
			children = (
				0047057B251E755900BE9E6B /* SessionManager.swift */,
			);
			path = Session;
			sourceTree = "<group>";
		};
		00470580251E7BC000BE9E6B /* Error */ = {
			isa = PBXGroup;
			children = (
				00470562251DB61800BE9E6B /* OMError.swift */,
			);
			path = Error;
			sourceTree = "<group>";
		};
		0047059B251E849C00BE9E6B /* AlertType */ = {
			isa = PBXGroup;
			children = (
				0047059C251E84A700BE9E6B /* AlertType.swift */,
			);
			path = AlertType;
			sourceTree = "<group>";
		};
		004AC4DA251AB30A00E0EA33 /* Checkout */ = {
			isa = PBXGroup;
			children = (
				000CF5FE251ADDB500EAAEED /* CheckoutView.swift */,
				67185AEA25203EE1008812DB /* CheckOutSubView.swift */,
			);
			path = Checkout;
			sourceTree = "<group>";
		};
		00545AAD2596B3E000F92AE2 /* NewsFeed */ = {
			isa = PBXGroup;
			children = (
				00545AAE2596B3E000F92AE2 /* NewsFeedManager.swift */,
			);
			path = NewsFeed;
			sourceTree = "<group>";
		};
		00545AB12596B40B00F92AE2 /* Component */ = {
			isa = PBXGroup;
			children = (
				00545AB22596B40B00F92AE2 /* OrgTitleBar.swift */,
				00545AB32596B40B00F92AE2 /* OrgEventsBar.swift */,
				00545AB42596B40B00F92AE2 /* OrgNavLink.swift */,
				00545AB52596B40B00F92AE2 /* OrgItemGrid.swift */,
				00545AB62596B40B00F92AE2 /* OrgEventCell.swift */,
			);
			path = Component;
			sourceTree = "<group>";
		};
		008C27F0258C300C0029C26F /* Component */ = {
			isa = PBXGroup;
			children = (
				008C27FF258C45CE0029C26F /* HomePageSearchBar.swift */,
				008C2802258C463A0029C26F /* HomePageSearchTextField.swift */,
				008C2805258C4E620029C26F /* HomeViewSlider.swift */,
				008C2808258C62540029C26F /* ItemViewButton.swift */,
				008C280B258C64240029C26F /* PosterItemContainer.swift */,
				008C280E258C6B580029C26F /* ShopPoster.swift */,
				008C2815258C88350029C26F /* ItemViewQuantityPicker.swift */,
				008C2819258D5D0C0029C26F /* HomeViewNavBoardButton.swift */,
				008C2820258D629C0029C26F /* HomeViewNavBoard.swift */,
				008C283D258DC5760029C26F /* HomeViewItemCell.swift */,
				008C2855258ECE4A0029C26F /* ItemDetailViewInfo.swift */,
				008C285C258ED91E0029C26F /* ItemDetailViewDetailBox.swift */,
				008C285F258ED9EB0029C26F /* ItemDetailViewCartButtons.swift */,
			);
			path = Component;
			sourceTree = "<group>";
		};
		008C27F5258C312D0029C26F /* ScrollView */ = {
			isa = PBXGroup;
			children = (
				008C2849258EAF160029C26F /* ScrollViewWithRefresh.swift */,
			);
			path = ScrollView;
			sourceTree = "<group>";
		};
		008C2851258EC5E80029C26F /* Subview */ = {
			isa = PBXGroup;
			children = (
				008C2852258EC5F50029C26F /* ItemView.swift */,
			);
			path = Subview;
			sourceTree = "<group>";
		};
		008C2858258ED4240029C26F /* Divider */ = {
			isa = PBXGroup;
			children = (
				008C2859258ED42D0029C26F /* ExDivider.swift */,
			);
			path = Divider;
			sourceTree = "<group>";
		};
		008C2867258EF6FC0029C26F /* Component */ = {
			isa = PBXGroup;
			children = (
				008C2868258EF7120029C26F /* CartViewOrgCell.swift */,
				008C286C258EF91E0029C26F /* CartViewItemCell.swift */,
				008C286F258F158A0029C26F /* CartViewCheckoutButton.swift */,
			);
			path = Component;
			sourceTree = "<group>";
		};
		008DE0A5258AFB46005F6F8E /* Components */ = {
			isa = PBXGroup;
			children = (
				008DE0A6258AFB58005F6F8E /* WalletSegmentedPicker.swift */,
				008DE0AE258B1A1B005F6F8E /* WalletToolBar.swift */,
				008DE0B1258B1D3A005F6F8E /* WalletCoinCell.swift */,
				008DE0B4258B26EE005F6F8E /* WalletHistoryCell.swift */,
				008C27EA258C23240029C26F /* WalletTopBar.swift */,
			);
			path = Components;
			sourceTree = "<group>";
		};
		008DE0AA258B1912005F6F8E /* Shared */ = {
			isa = PBXGroup;
			children = (
				008DE0AB258B192B005F6F8E /* WalletToolBarMenu.swift */,
			);
			path = Shared;
			sourceTree = "<group>";
		};
		679CC46F251E9E2800CDEF9E /* MarketPlaceManager */ = {
			isa = PBXGroup;
			children = (
				679CC470251E9E5000CDEF9E /* MarketplaceManager.swift */,
			);
			path = MarketPlaceManager;
			sourceTree = "<group>";
		};
		679CC479251EFA7D00CDEF9E /* Cart */ = {
			isa = PBXGroup;
			children = (
				004AC4D7251AA3EC00E0EA33 /* CartManager.swift */,
			);
			path = Cart;
			sourceTree = "<group>";
		};
		679CC55F251F1B8A00CDEF9E /* Transaction */ = {
			isa = PBXGroup;
			children = (
				679CC560251F1B8A00CDEF9E /* TransactionManager.swift */,
			);
			path = Transaction;
			sourceTree = "<group>";
		};
		679CC566251F1BD500CDEF9E /* GRPC */ = {
			isa = PBXGroup;
			children = (
				00545ABD2596B49700F92AE2 /* NewsFeed.grpc.swift */,
				00545AA72596B36600F92AE2 /* NewsFeed.pb.swift */,
				679CC567251F1BD500CDEF9E /* proto */,
				679CC56E251F1BD500CDEF9E /* MarketPlace.pb.swift */,
				0022AD2E2589D2F90086861C /* StampEvent.grpc.swift */,
				0022AD2D2589D2F90086861C /* StampEvent.pb.swift */,
				679CC56F251F1BD500CDEF9E /* AccountService.grpc.swift */,
				679CC570251F1BD500CDEF9E /* Organization.grpc.swift */,
				679CC571251F1BD500CDEF9E /* Transaction.grpc.swift */,
				679CC572251F1BD500CDEF9E /* MarketPlace.grpc.swift */,
				679CC573251F1BD500CDEF9E /* Organization.pb.swift */,
				679CC575251F1BD500CDEF9E /* Transaction.pb.swift */,
				679CC576251F1BD500CDEF9E /* AccountService.pb.swift */,
			);
			path = GRPC;
			sourceTree = "<group>";
		};
		679CC567251F1BD500CDEF9E /* proto */ = {
			isa = PBXGroup;
			children = (
				679CC568251F1BD500CDEF9E /* Transaction.proto */,
				679CC569251F1BD500CDEF9E /* MarketPlace.proto */,
				679CC56A251F1BD500CDEF9E /* StampEvent.proto */,
				679CC56B251F1BD500CDEF9E /* AccountService.proto */,
				679CC56C251F1BD500CDEF9E /* Organization.proto */,
			);
			path = proto;
			sourceTree = "<group>";
		};
		679CC588251F1BFF00CDEF9E /* Wallet */ = {
			isa = PBXGroup;
			children = (
				008DE0A5258AFB46005F6F8E /* Components */,
				679CC589251F1BFF00CDEF9E /* InfoView.swift */,
				679CC58A251F1BFF00CDEF9E /* CoinView.swift */,
				679CC58B251F1BFF00CDEF9E /* WalletView.swift */,
				00ABA90D251FE780004FD55D /* NavBarView.swift */,
				008DE0A2258AFADA005F6F8E /* NewWalletView.swift */,
			);
			path = Wallet;
			sourceTree = "<group>";
		};
		679CC594251FC27E00CDEF9E /* Organization */ = {
			isa = PBXGroup;
			children = (
				679CC591251FC26500CDEF9E /* Organization.swift */,
			);
			path = Organization;
			sourceTree = "<group>";
		};
		F8B2AD9E84575D416ACC7BE0 /* Frameworks */ = {
			isa = PBXGroup;
			children = (
				DAF59AC61A2835352AB721D2 /* Pods_OpenMarketPlace_swift.framework */,
			);
			name = Frameworks;
			sourceTree = "<group>";
		};
		F8CDF7311A43AECD17972038 /* Pods */ = {
			isa = PBXGroup;
			children = (
				D7A15A8D78960472C131A27F /* Pods-OpenMarketPlace-swift.debug.xcconfig */,
				6B5C11D769E898BD972E5E0D /* Pods-OpenMarketPlace-swift.release.xcconfig */,
			);
			path = Pods;
			sourceTree = "<group>";
		};
/* End PBXGroup section */

/* Begin PBXNativeTarget section */
		0008516425191F7700BFE2BE /* OpenMarketPlace-swift */ = {
			isa = PBXNativeTarget;
			buildConfigurationList = 0008517925191F7900BFE2BE /* Build configuration list for PBXNativeTarget "OpenMarketPlace-swift" */;
			buildPhases = (
				C780C56EC22A9E3A37C54DA1 /* [CP] Check Pods Manifest.lock */,
				0008516125191F7700BFE2BE /* Sources */,
				0008516225191F7700BFE2BE /* Frameworks */,
				0008516325191F7700BFE2BE /* Resources */,
				FC7A5856716D7CAECA77E81E /* [CP] Embed Pods Frameworks */,
			);
			buildRules = (
			);
			dependencies = (
			);
			name = "OpenMarketPlace-swift";
			packageProductDependencies = (
				000CF677251D56B700EAAEED /* CodeScanner */,
				0022AD1F2589AA9C0086861C /* SwipeableView */,
				008C27E5258C17AC0029C26F /* BottomSheet-SwiftUI */,
				008C283A258DB7E90029C26F /* Grid */,
			);
			productName = "OpenMarketPlace-swift";
			productReference = 0008516525191F7700BFE2BE /* OpenMarketPlace-swift.app */;
			productType = "com.apple.product-type.application";
		};
/* End PBXNativeTarget section */

/* Begin PBXProject section */
		0008515D25191F7700BFE2BE /* Project object */ = {
			isa = PBXProject;
			attributes = {
				LastSwiftUpdateCheck = 1200;
				LastUpgradeCheck = 1200;
				TargetAttributes = {
					0008516425191F7700BFE2BE = {
						CreatedOnToolsVersion = 12.0;
					};
				};
			};
			buildConfigurationList = 0008516025191F7700BFE2BE /* Build configuration list for PBXProject "OpenMarketPlace-swift" */;
			compatibilityVersion = "Xcode 9.3";
			developmentRegion = en;
			hasScannedForEncodings = 0;
			knownRegions = (
				en,
				Base,
			);
			mainGroup = 0008515C25191F7700BFE2BE;
			packageReferences = (
				000CF676251D56B700EAAEED /* XCRemoteSwiftPackageReference "CodeScanner" */,
				0022AD1E2589AA9C0086861C /* XCRemoteSwiftPackageReference "SwipebleView" */,
				008C27E4258C17AC0029C26F /* XCRemoteSwiftPackageReference "bottomsheet-swiftui" */,
				008C2839258DB7E90029C26F /* XCRemoteSwiftPackageReference "swiftui-grid" */,
			);
			productRefGroup = 0008516625191F7700BFE2BE /* Products */;
			projectDirPath = "";
			projectRoot = "";
			targets = (
				0008516425191F7700BFE2BE /* OpenMarketPlace-swift */,
			);
		};
/* End PBXProject section */

/* Begin PBXResourcesBuildPhase section */
		0008516325191F7700BFE2BE /* Resources */ = {
			isa = PBXResourcesBuildPhase;
			buildActionMask = 2147483647;
			files = (
				0008517525191F7900BFE2BE /* LaunchScreen.storyboard in Resources */,
				0008517225191F7900BFE2BE /* Preview Assets.xcassets in Resources */,
				0008516F25191F7900BFE2BE /* Assets.xcassets in Resources */,
			);
			runOnlyForDeploymentPostprocessing = 0;
		};
/* End PBXResourcesBuildPhase section */

/* Begin PBXShellScriptBuildPhase section */
		C780C56EC22A9E3A37C54DA1 /* [CP] Check Pods Manifest.lock */ = {
			isa = PBXShellScriptBuildPhase;
			buildActionMask = 2147483647;
			files = (
			);
			inputFileListPaths = (
			);
			inputPaths = (
				"${PODS_PODFILE_DIR_PATH}/Podfile.lock",
				"${PODS_ROOT}/Manifest.lock",
			);
			name = "[CP] Check Pods Manifest.lock";
			outputFileListPaths = (
			);
			outputPaths = (
				"$(DERIVED_FILE_DIR)/Pods-OpenMarketPlace-swift-checkManifestLockResult.txt",
			);
			runOnlyForDeploymentPostprocessing = 0;
			shellPath = /bin/sh;
			shellScript = "diff \"${PODS_PODFILE_DIR_PATH}/Podfile.lock\" \"${PODS_ROOT}/Manifest.lock\" > /dev/null\nif [ $? != 0 ] ; then\n    # print error to STDERR\n    echo \"error: The sandbox is not in sync with the Podfile.lock. Run 'pod install' or update your CocoaPods installation.\" >&2\n    exit 1\nfi\n# This output is used by Xcode 'outputs' to avoid re-running this script phase.\necho \"SUCCESS\" > \"${SCRIPT_OUTPUT_FILE_0}\"\n";
			showEnvVarsInLog = 0;
		};
		FC7A5856716D7CAECA77E81E /* [CP] Embed Pods Frameworks */ = {
			isa = PBXShellScriptBuildPhase;
			buildActionMask = 2147483647;
			files = (
			);
			inputFileListPaths = (
				"${PODS_ROOT}/Target Support Files/Pods-OpenMarketPlace-swift/Pods-OpenMarketPlace-swift-frameworks-${CONFIGURATION}-input-files.xcfilelist",
			);
			name = "[CP] Embed Pods Frameworks";
			outputFileListPaths = (
				"${PODS_ROOT}/Target Support Files/Pods-OpenMarketPlace-swift/Pods-OpenMarketPlace-swift-frameworks-${CONFIGURATION}-output-files.xcfilelist",
			);
			runOnlyForDeploymentPostprocessing = 0;
			shellPath = /bin/sh;
			shellScript = "\"${PODS_ROOT}/Target Support Files/Pods-OpenMarketPlace-swift/Pods-OpenMarketPlace-swift-frameworks.sh\"\n";
			showEnvVarsInLog = 0;
		};
/* End PBXShellScriptBuildPhase section */

/* Begin PBXSourcesBuildPhase section */
		0008516125191F7700BFE2BE /* Sources */ = {
			isa = PBXSourcesBuildPhase;
			buildActionMask = 2147483647;
			files = (
				008DE0B5258B26EE005F6F8E /* WalletHistoryCell.swift in Sources */,
				008DE0A3258AFADA005F6F8E /* NewWalletView.swift in Sources */,
				008C2870258F158A0029C26F /* CartViewCheckoutButton.swift in Sources */,
				000CF629251B261700EAAEED /* ItemDetailView.swift in Sources */,
				008C286D258EF91E0029C26F /* CartViewItemCell.swift in Sources */,
				008C2853258EC5F50029C26F /* ItemView.swift in Sources */,
				000CF60B251B014800EAAEED /* DetailButton.swift in Sources */,
				000CF635251B262600EAAEED /* OrgMinView.swift in Sources */,
				00470566251DBA1B00BE9E6B /* RegistrationView.swift in Sources */,
				00545ABE2596B49700F92AE2 /* NewsFeed.grpc.swift in Sources */,
				679CC58C251F1BFF00CDEF9E /* InfoView.swift in Sources */,
				0022AD352589D8FA0086861C /* DateExtension.swift in Sources */,
				0008516925191F7700BFE2BE /* AppDelegate.swift in Sources */,
				008C285A258ED42D0029C26F /* ExDivider.swift in Sources */,
				00545AA82596B36600F92AE2 /* NewsFeed.pb.swift in Sources */,
				000CF5FF251ADDB600EAAEED /* CheckoutView.swift in Sources */,
				008C2821258D629C0029C26F /* HomeViewNavBoard.swift in Sources */,
				008DE0AC258B192B005F6F8E /* WalletToolBarMenu.swift in Sources */,
				000CF606251AFF4F00EAAEED /* CheckoutButton.swift in Sources */,
				000851A02519748B00BFE2BE /* Item.swift in Sources */,
				000CF620251B25FD00EAAEED /* HomeView.swift in Sources */,
				00470571251DBD6200BE9E6B /* KeyboardHeightPublisher.swift in Sources */,
				000CF62B251B261700EAAEED /* ItemList.swift in Sources */,
				000CF637251B262600EAAEED /* LoginView.swift in Sources */,
				00F5C9152520551D00FC20C0 /* EventDatePicker.swift in Sources */,
				0008516B25191F7700BFE2BE /* SceneDelegate.swift in Sources */,
				00470573251DBD6200BE9E6B /* UIResponder.swift in Sources */,
				008DE0A7258AFB58005F6F8E /* WalletSegmentedPicker.swift in Sources */,
				00545AB92596B40B00F92AE2 /* OrgNavLink.swift in Sources */,
				00545AB82596B40B00F92AE2 /* OrgEventsBar.swift in Sources */,
				00545AB72596B40B00F92AE2 /* OrgTitleBar.swift in Sources */,
				00ABA913252028A8004FD55D /* NewEventView.swift in Sources */,
				008C2869258EF7120029C26F /* CartViewOrgCell.swift in Sources */,
				004AC4E9251ABD1C00E0EA33 /* GeneralButton.swift in Sources */,
				008C280C258C64240029C26F /* PosterItemContainer.swift in Sources */,
				008C280F258C6B580029C26F /* ShopPoster.swift in Sources */,
				000CF60E251B03FD00EAAEED /* ContinueToShopButton.swift in Sources */,
				000CF644251D4CC600EAAEED /* QRView.swift in Sources */,
				0008519625196AD800BFE2BE /* ShopView.swift in Sources */,
				679CC585251F1BD500CDEF9E /* AccountService.pb.swift in Sources */,
				67185AEB25203EE1008812DB /* CheckOutSubView.swift in Sources */,
				008C285D258ED91E0029C26F /* ItemDetailViewDetailBox.swift in Sources */,
				0047059D251E84A700BE9E6B /* AlertType.swift in Sources */,
				008C2816258C88350029C26F /* ItemViewQuantityPicker.swift in Sources */,
				00470563251DB61800BE9E6B /* OMError.swift in Sources */,
				000CF62A251B261700EAAEED /* ItemDescriptionAndSeller.swift in Sources */,
				00545AAF2596B3E000F92AE2 /* NewsFeedManager.swift in Sources */,
				679CC57D251F1BD500CDEF9E /* MarketPlace.pb.swift in Sources */,
				004AC4D8251AA3EC00E0EA33 /* CartManager.swift in Sources */,
				0047052D251D9EEF00BE9E6B /* User.swift in Sources */,
				0008518B2519250F00BFE2BE /* CartView.swift in Sources */,
				004705AC251E8BBE00BE9E6B /* EventDetailView.swift in Sources */,
				0022AD2B2589CAD80086861C /* StringExtension.swift in Sources */,
				679CC471251E9E5000CDEF9E /* MarketplaceManager.swift in Sources */,
				679CC58D251F1BFF00CDEF9E /* CoinView.swift in Sources */,
				000CF602251AE4FA00EAAEED /* ColorExtension.swift in Sources */,
				008C283E258DC5760029C26F /* HomeViewItemCell.swift in Sources */,
				00470572251DBD6200BE9E6B /* KeyboardAdaptive.swift in Sources */,
				679CC57A251F1BD500CDEF9E /* AccountService.proto in Sources */,
				008C2800258C45CE0029C26F /* HomePageSearchBar.swift in Sources */,
				679CC592251FC26500CDEF9E /* Organization.swift in Sources */,
				679CC57F251F1BD500CDEF9E /* Organization.grpc.swift in Sources */,
				679CC580251F1BD500CDEF9E /* Transaction.grpc.swift in Sources */,
				679CC561251F1B8A00CDEF9E /* TransactionManager.swift in Sources */,
				008C2873258F207C0029C26F /* OrganizationView.swift in Sources */,
				00545AAB2596B3BF00F92AE2 /* GeneralBackButton.swift in Sources */,
				008C27EB258C23240029C26F /* WalletTopBar.swift in Sources */,
				0047050E251D822E00BE9E6B /* AuthManager.swift in Sources */,
				00545ABB2596B40B00F92AE2 /* OrgEventCell.swift in Sources */,
				000CF685251D6E0500EAAEED /* EventManager.swift in Sources */,
				00F5C9182520654100FC20C0 /* EventDropDownPicker.swift in Sources */,
				0022AD2F2589D2F90086861C /* StampEvent.pb.swift in Sources */,
				008DE0B2258B1D3A005F6F8E /* WalletCoinCell.swift in Sources */,
				000CF634251B262600EAAEED /* ProfileView.swift in Sources */,
				00470560251DB1FE00BE9E6B /* LoginButton.swift in Sources */,
				008C2809258C62540029C26F /* ItemViewButton.swift in Sources */,
				679CC57B251F1BD500CDEF9E /* Organization.proto in Sources */,
				00F5C91225204F7F00FC20C0 /* EventTextField.swift in Sources */,
				679CC57E251F1BD500CDEF9E /* AccountService.grpc.swift in Sources */,
				008C2803258C463A0029C26F /* HomePageSearchTextField.swift in Sources */,
				0047057C251E755900BE9E6B /* SessionManager.swift in Sources */,
				000CF636251B262600EAAEED /* OrganizationStore.swift in Sources */,
				679CC582251F1BD500CDEF9E /* Organization.pb.swift in Sources */,
				008C281A258D5D0C0029C26F /* HomeViewNavBoardButton.swift in Sources */,
				00ABA90E251FE780004FD55D /* NavBarView.swift in Sources */,
				0022AD38258AA26A0086861C /* GeneratedQRView.swift in Sources */,
				679CC58E251F1BFF00CDEF9E /* WalletView.swift in Sources */,
				0022AD1625897FE90086861C /* CurrencyPickerItem.swift in Sources */,
				679CC581251F1BD500CDEF9E /* MarketPlace.grpc.swift in Sources */,
				008C2860258ED9EB0029C26F /* ItemDetailViewCartButtons.swift in Sources */,
				008C2806258C4E620029C26F /* HomeViewSlider.swift in Sources */,
				0008518E251942FC00BFE2BE /* DetailView.swift in Sources */,
				0047055D251DB13700BE9E6B /* GeneralTextField.swift in Sources */,
				679CC578251F1BD500CDEF9E /* MarketPlace.proto in Sources */,
				000CF67B251D5C8600EAAEED /* EventView.swift in Sources */,
				0022AD242589AE070086861C /* EventViewCell.swift in Sources */,
				0008516D25191F7700BFE2BE /* ContentView.swift in Sources */,
				000CF61F251B25FD00EAAEED /* ImageSlideView.swift in Sources */,
				0008519C2519742C00BFE2BE /* Cart.swift in Sources */,
				00470577251E736800BE9E6B /* TabBarView.swift in Sources */,
				679CC564251F1BC000CDEF9E /* AppColors.swift in Sources */,
				679CC584251F1BD500CDEF9E /* Transaction.pb.swift in Sources */,
				0022AD302589D2F90086861C /* StampEvent.grpc.swift in Sources */,
				008DE0AF258B1A1B005F6F8E /* WalletToolBar.swift in Sources */,
				008C284A258EAF160029C26F /* ScrollViewWithRefresh.swift in Sources */,
				679CC579251F1BD500CDEF9E /* StampEvent.proto in Sources */,
				008C2865258EF3910029C26F /* NewCartView.swift in Sources */,
				008C2856258ECE4A0029C26F /* ItemDetailViewInfo.swift in Sources */,
				0047051B251D8C5400BE9E6B /* Constants.swift in Sources */,
				000CF621251B25FD00EAAEED /* TrendingRow.swift in Sources */,
				679CC577251F1BD500CDEF9E /* Transaction.proto in Sources */,
				00545ABA2596B40B00F92AE2 /* OrgItemGrid.swift in Sources */,
			);
			runOnlyForDeploymentPostprocessing = 0;
		};
/* End PBXSourcesBuildPhase section */

/* Begin PBXVariantGroup section */
		0008517325191F7900BFE2BE /* LaunchScreen.storyboard */ = {
			isa = PBXVariantGroup;
			children = (
				0008517425191F7900BFE2BE /* Base */,
			);
			name = LaunchScreen.storyboard;
			sourceTree = "<group>";
		};
/* End PBXVariantGroup section */

/* Begin XCBuildConfiguration section */
		0008517725191F7900BFE2BE /* Debug */ = {
			isa = XCBuildConfiguration;
			buildSettings = {
				ALWAYS_SEARCH_USER_PATHS = NO;
				CLANG_ANALYZER_NONNULL = YES;
				CLANG_ANALYZER_NUMBER_OBJECT_CONVERSION = YES_AGGRESSIVE;
				CLANG_CXX_LANGUAGE_STANDARD = "gnu++14";
				CLANG_CXX_LIBRARY = "libc++";
				CLANG_ENABLE_MODULES = YES;
				CLANG_ENABLE_OBJC_ARC = YES;
				CLANG_ENABLE_OBJC_WEAK = YES;
				CLANG_WARN_BLOCK_CAPTURE_AUTORELEASING = YES;
				CLANG_WARN_BOOL_CONVERSION = YES;
				CLANG_WARN_COMMA = YES;
				CLANG_WARN_CONSTANT_CONVERSION = YES;
				CLANG_WARN_DEPRECATED_OBJC_IMPLEMENTATIONS = YES;
				CLANG_WARN_DIRECT_OBJC_ISA_USAGE = YES_ERROR;
				CLANG_WARN_DOCUMENTATION_COMMENTS = YES;
				CLANG_WARN_EMPTY_BODY = YES;
				CLANG_WARN_ENUM_CONVERSION = YES;
				CLANG_WARN_INFINITE_RECURSION = YES;
				CLANG_WARN_INT_CONVERSION = YES;
				CLANG_WARN_NON_LITERAL_NULL_CONVERSION = YES;
				CLANG_WARN_OBJC_IMPLICIT_RETAIN_SELF = YES;
				CLANG_WARN_OBJC_LITERAL_CONVERSION = YES;
				CLANG_WARN_OBJC_ROOT_CLASS = YES_ERROR;
				CLANG_WARN_QUOTED_INCLUDE_IN_FRAMEWORK_HEADER = YES;
				CLANG_WARN_RANGE_LOOP_ANALYSIS = YES;
				CLANG_WARN_STRICT_PROTOTYPES = YES;
				CLANG_WARN_SUSPICIOUS_MOVE = YES;
				CLANG_WARN_UNGUARDED_AVAILABILITY = YES_AGGRESSIVE;
				CLANG_WARN_UNREACHABLE_CODE = YES;
				CLANG_WARN__DUPLICATE_METHOD_MATCH = YES;
				COPY_PHASE_STRIP = NO;
				DEBUG_INFORMATION_FORMAT = dwarf;
				ENABLE_STRICT_OBJC_MSGSEND = YES;
				ENABLE_TESTABILITY = YES;
				GCC_C_LANGUAGE_STANDARD = gnu11;
				GCC_DYNAMIC_NO_PIC = NO;
				GCC_NO_COMMON_BLOCKS = YES;
				GCC_OPTIMIZATION_LEVEL = 0;
				GCC_PREPROCESSOR_DEFINITIONS = (
					"DEBUG=1",
					"$(inherited)",
				);
				GCC_WARN_64_TO_32_BIT_CONVERSION = YES;
				GCC_WARN_ABOUT_RETURN_TYPE = YES_ERROR;
				GCC_WARN_UNDECLARED_SELECTOR = YES;
				GCC_WARN_UNINITIALIZED_AUTOS = YES_AGGRESSIVE;
				GCC_WARN_UNUSED_FUNCTION = YES;
				GCC_WARN_UNUSED_VARIABLE = YES;
				IPHONEOS_DEPLOYMENT_TARGET = 14.2;
				MTL_ENABLE_DEBUG_INFO = INCLUDE_SOURCE;
				MTL_FAST_MATH = YES;
				ONLY_ACTIVE_ARCH = YES;
				SDKROOT = iphoneos;
				SWIFT_ACTIVE_COMPILATION_CONDITIONS = DEBUG;
				SWIFT_OPTIMIZATION_LEVEL = "-Onone";
			};
			name = Debug;
		};
		0008517825191F7900BFE2BE /* Release */ = {
			isa = XCBuildConfiguration;
			buildSettings = {
				ALWAYS_SEARCH_USER_PATHS = NO;
				CLANG_ANALYZER_NONNULL = YES;
				CLANG_ANALYZER_NUMBER_OBJECT_CONVERSION = YES_AGGRESSIVE;
				CLANG_CXX_LANGUAGE_STANDARD = "gnu++14";
				CLANG_CXX_LIBRARY = "libc++";
				CLANG_ENABLE_MODULES = YES;
				CLANG_ENABLE_OBJC_ARC = YES;
				CLANG_ENABLE_OBJC_WEAK = YES;
				CLANG_WARN_BLOCK_CAPTURE_AUTORELEASING = YES;
				CLANG_WARN_BOOL_CONVERSION = YES;
				CLANG_WARN_COMMA = YES;
				CLANG_WARN_CONSTANT_CONVERSION = YES;
				CLANG_WARN_DEPRECATED_OBJC_IMPLEMENTATIONS = YES;
				CLANG_WARN_DIRECT_OBJC_ISA_USAGE = YES_ERROR;
				CLANG_WARN_DOCUMENTATION_COMMENTS = YES;
				CLANG_WARN_EMPTY_BODY = YES;
				CLANG_WARN_ENUM_CONVERSION = YES;
				CLANG_WARN_INFINITE_RECURSION = YES;
				CLANG_WARN_INT_CONVERSION = YES;
				CLANG_WARN_NON_LITERAL_NULL_CONVERSION = YES;
				CLANG_WARN_OBJC_IMPLICIT_RETAIN_SELF = YES;
				CLANG_WARN_OBJC_LITERAL_CONVERSION = YES;
				CLANG_WARN_OBJC_ROOT_CLASS = YES_ERROR;
				CLANG_WARN_QUOTED_INCLUDE_IN_FRAMEWORK_HEADER = YES;
				CLANG_WARN_RANGE_LOOP_ANALYSIS = YES;
				CLANG_WARN_STRICT_PROTOTYPES = YES;
				CLANG_WARN_SUSPICIOUS_MOVE = YES;
				CLANG_WARN_UNGUARDED_AVAILABILITY = YES_AGGRESSIVE;
				CLANG_WARN_UNREACHABLE_CODE = YES;
				CLANG_WARN__DUPLICATE_METHOD_MATCH = YES;
				COPY_PHASE_STRIP = NO;
				DEBUG_INFORMATION_FORMAT = "dwarf-with-dsym";
				ENABLE_NS_ASSERTIONS = NO;
				ENABLE_STRICT_OBJC_MSGSEND = YES;
				GCC_C_LANGUAGE_STANDARD = gnu11;
				GCC_NO_COMMON_BLOCKS = YES;
				GCC_WARN_64_TO_32_BIT_CONVERSION = YES;
				GCC_WARN_ABOUT_RETURN_TYPE = YES_ERROR;
				GCC_WARN_UNDECLARED_SELECTOR = YES;
				GCC_WARN_UNINITIALIZED_AUTOS = YES_AGGRESSIVE;
				GCC_WARN_UNUSED_FUNCTION = YES;
				GCC_WARN_UNUSED_VARIABLE = YES;
				IPHONEOS_DEPLOYMENT_TARGET = 14.2;
				MTL_ENABLE_DEBUG_INFO = NO;
				MTL_FAST_MATH = YES;
				SDKROOT = iphoneos;
				SWIFT_COMPILATION_MODE = wholemodule;
				SWIFT_OPTIMIZATION_LEVEL = "-O";
				VALIDATE_PRODUCT = YES;
			};
			name = Release;
		};
		0008517A25191F7900BFE2BE /* Debug */ = {
			isa = XCBuildConfiguration;
			baseConfigurationReference = D7A15A8D78960472C131A27F /* Pods-OpenMarketPlace-swift.debug.xcconfig */;
			buildSettings = {
				ASSETCATALOG_COMPILER_APPICON_NAME = AppIcon;
				ASSETCATALOG_COMPILER_GLOBAL_ACCENT_COLOR_NAME = AccentColor;
				CODE_SIGN_STYLE = Automatic;
				DEVELOPMENT_ASSET_PATHS = "\"OpenMarketPlace-swift/Preview Content\"";
				DEVELOPMENT_TEAM = P7BR9K94MN;
				ENABLE_PREVIEWS = YES;
				INFOPLIST_FILE = "OpenMarketPlace-swift/Info.plist";
				LD_RUNPATH_SEARCH_PATHS = (
					"$(inherited)",
					"@executable_path/Frameworks",
				);
				PRODUCT_BUNDLE_IDENTIFIER = "io.openmarket.OpenMarketPlace-swifta";
				PRODUCT_NAME = "$(TARGET_NAME)";
				SWIFT_VERSION = 5.0;
				TARGETED_DEVICE_FAMILY = "1,2";
			};
			name = Debug;
		};
		0008517B25191F7900BFE2BE /* Release */ = {
			isa = XCBuildConfiguration;
			baseConfigurationReference = 6B5C11D769E898BD972E5E0D /* Pods-OpenMarketPlace-swift.release.xcconfig */;
			buildSettings = {
				ASSETCATALOG_COMPILER_APPICON_NAME = AppIcon;
				ASSETCATALOG_COMPILER_GLOBAL_ACCENT_COLOR_NAME = AccentColor;
				CODE_SIGN_STYLE = Automatic;
				DEVELOPMENT_ASSET_PATHS = "\"OpenMarketPlace-swift/Preview Content\"";
				DEVELOPMENT_TEAM = P7BR9K94MN;
				ENABLE_PREVIEWS = YES;
				INFOPLIST_FILE = "OpenMarketPlace-swift/Info.plist";
				LD_RUNPATH_SEARCH_PATHS = (
					"$(inherited)",
					"@executable_path/Frameworks",
				);
				PRODUCT_BUNDLE_IDENTIFIER = "io.openmarket.OpenMarketPlace-swifta";
				PRODUCT_NAME = "$(TARGET_NAME)";
				SWIFT_VERSION = 5.0;
				TARGETED_DEVICE_FAMILY = "1,2";
			};
			name = Release;
		};
/* End XCBuildConfiguration section */

/* Begin XCConfigurationList section */
		0008516025191F7700BFE2BE /* Build configuration list for PBXProject "OpenMarketPlace-swift" */ = {
			isa = XCConfigurationList;
			buildConfigurations = (
				0008517725191F7900BFE2BE /* Debug */,
				0008517825191F7900BFE2BE /* Release */,
			);
			defaultConfigurationIsVisible = 0;
			defaultConfigurationName = Release;
		};
		0008517925191F7900BFE2BE /* Build configuration list for PBXNativeTarget "OpenMarketPlace-swift" */ = {
			isa = XCConfigurationList;
			buildConfigurations = (
				0008517A25191F7900BFE2BE /* Debug */,
				0008517B25191F7900BFE2BE /* Release */,
			);
			defaultConfigurationIsVisible = 0;
			defaultConfigurationName = Release;
		};
/* End XCConfigurationList section */

/* Begin XCRemoteSwiftPackageReference section */
		000CF676251D56B700EAAEED /* XCRemoteSwiftPackageReference "CodeScanner" */ = {
			isa = XCRemoteSwiftPackageReference;
			repositoryURL = "https://github.com/twostraws/CodeScanner";
			requirement = {
				branch = main;
				kind = branch;
			};
		};
		0022AD1E2589AA9C0086861C /* XCRemoteSwiftPackageReference "SwipebleView" */ = {
			isa = XCRemoteSwiftPackageReference;
			repositoryURL = "https://github.com/mroffmix/SwipebleView";
			requirement = {
				kind = upToNextMajorVersion;
				minimumVersion = 0.2.2;
			};
		};
		008C27E4258C17AC0029C26F /* XCRemoteSwiftPackageReference "bottomsheet-swiftui" */ = {
			isa = XCRemoteSwiftPackageReference;
			repositoryURL = "https://github.com/shirokova/bottomsheet-swiftui";
			requirement = {
				kind = upToNextMajorVersion;
				minimumVersion = 1.0.0;
			};
		};
		008C2839258DB7E90029C26F /* XCRemoteSwiftPackageReference "swiftui-grid" */ = {
			isa = XCRemoteSwiftPackageReference;
			repositoryURL = "https://github.com/spacenation/swiftui-grid";
			requirement = {
				kind = upToNextMajorVersion;
				minimumVersion = 1.0.4;
			};
		};
/* End XCRemoteSwiftPackageReference section */

/* Begin XCSwiftPackageProductDependency section */
		000CF677251D56B700EAAEED /* CodeScanner */ = {
			isa = XCSwiftPackageProductDependency;
			package = 000CF676251D56B700EAAEED /* XCRemoteSwiftPackageReference "CodeScanner" */;
			productName = CodeScanner;
		};
		0022AD1F2589AA9C0086861C /* SwipeableView */ = {
			isa = XCSwiftPackageProductDependency;
			package = 0022AD1E2589AA9C0086861C /* XCRemoteSwiftPackageReference "SwipebleView" */;
			productName = SwipeableView;
		};
		008C27E5258C17AC0029C26F /* BottomSheet-SwiftUI */ = {
			isa = XCSwiftPackageProductDependency;
			package = 008C27E4258C17AC0029C26F /* XCRemoteSwiftPackageReference "bottomsheet-swiftui" */;
			productName = "BottomSheet-SwiftUI";
		};
		008C283A258DB7E90029C26F /* Grid */ = {
			isa = XCSwiftPackageProductDependency;
			package = 008C2839258DB7E90029C26F /* XCRemoteSwiftPackageReference "swiftui-grid" */;
			productName = Grid;
		};
/* End XCSwiftPackageProductDependency section */
	};
	rootObject = 0008515D25191F7700BFE2BE /* Project object */;
}
